// !$*UTF8*$!
{
	archiveVersion = 1;
	classes = {
	};
	objectVersion = 46;
	objects = {

/* Begin PBXBuildFile section */
		3751175414A3672E001909AB /* DropboxPhotoSubmitter.m in Sources */ = {isa = PBXBuildFile; fileRef = 3751175314A3672E001909AB /* DropboxPhotoSubmitter.m */; };
		3751175B14A36CCD001909AB /* DropboxSettingTableViewController.m in Sources */ = {isa = PBXBuildFile; fileRef = 3751175A14A36CCD001909AB /* DropboxSettingTableViewController.m */; };
		3751175E14A37735001909AB /* dropbox_16.png in Resources */ = {isa = PBXBuildFile; fileRef = 3751175C14A37735001909AB /* dropbox_16.png */; };
		3751175F14A37735001909AB /* dropbox_32.png in Resources */ = {isa = PBXBuildFile; fileRef = 3751175D14A37735001909AB /* dropbox_32.png */; };
		376A8B31149FA18E00637B68 /* UIImage+AutoRotation.m in Sources */ = {isa = PBXBuildFile; fileRef = 376A8B30149FA18E00637B68 /* UIImage+AutoRotation.m */; };
		376A8B3414A05BB100637B68 /* ProgressTableViewCell.m in Sources */ = {isa = PBXBuildFile; fileRef = 376A8B3314A05BB100637B68 /* ProgressTableViewCell.m */; };
		376A8B3614A05F8100637B68 /* QuartzCore.framework in Frameworks */ = {isa = PBXBuildFile; fileRef = 376A8B3514A05F8000637B68 /* QuartzCore.framework */; };
		376A8B3A14A0617400637B68 /* FBProgressView.m in Sources */ = {isa = PBXBuildFile; fileRef = 376A8B3914A0617400637B68 /* FBProgressView.m */; settings = {COMPILER_FLAGS = "-fno-objc-arc"; }; };
		376A8D5414A2068B00637B68 /* ProgressSummaryView.m in Sources */ = {isa = PBXBuildFile; fileRef = 376A8D5314A2068B00637B68 /* ProgressSummaryView.m */; };
		376A8D5714A227FA00637B68 /* TottePostSettings.m in Sources */ = {isa = PBXBuildFile; fileRef = 376A8D5614A227F900637B68 /* TottePostSettings.m */; };
		376A8D5D14A247A300637B68 /* PreviewPhotoView.m in Sources */ = {isa = PBXBuildFile; fileRef = 376A8D5C14A247A300637B68 /* PreviewPhotoView.m */; };
		376E153D1494C47800A34E7D /* UIKit.framework in Frameworks */ = {isa = PBXBuildFile; fileRef = 376E153C1494C47800A34E7D /* UIKit.framework */; };
		376E153F1494C47800A34E7D /* Foundation.framework in Frameworks */ = {isa = PBXBuildFile; fileRef = 376E153E1494C47800A34E7D /* Foundation.framework */; };
		376E15411494C47800A34E7D /* CoreGraphics.framework in Frameworks */ = {isa = PBXBuildFile; fileRef = 376E15401494C47800A34E7D /* CoreGraphics.framework */; };
		376E15471494C47800A34E7D /* InfoPlist.strings in Resources */ = {isa = PBXBuildFile; fileRef = 376E15451494C47800A34E7D /* InfoPlist.strings */; };
		376E15491494C47800A34E7D /* main.m in Sources */ = {isa = PBXBuildFile; fileRef = 376E15481494C47800A34E7D /* main.m */; };
		376E154D1494C47800A34E7D /* AppDelegate.m in Sources */ = {isa = PBXBuildFile; fileRef = 376E154C1494C47800A34E7D /* AppDelegate.m */; };
		376E15551494C47800A34E7D /* SenTestingKit.framework in Frameworks */ = {isa = PBXBuildFile; fileRef = 376E15541494C47800A34E7D /* SenTestingKit.framework */; };
		376E15561494C47800A34E7D /* UIKit.framework in Frameworks */ = {isa = PBXBuildFile; fileRef = 376E153C1494C47800A34E7D /* UIKit.framework */; };
		376E15571494C47800A34E7D /* Foundation.framework in Frameworks */ = {isa = PBXBuildFile; fileRef = 376E153E1494C47800A34E7D /* Foundation.framework */; };
		376E155F1494C47800A34E7D /* InfoPlist.strings in Resources */ = {isa = PBXBuildFile; fileRef = 376E155D1494C47800A34E7D /* InfoPlist.strings */; };
		376E15621494C47800A34E7D /* tottepostTests.m in Sources */ = {isa = PBXBuildFile; fileRef = 376E15611494C47800A34E7D /* tottepostTests.m */; };
		37F0D26C14A710F900680F8A /* ImageIO.framework in Frameworks */ = {isa = PBXBuildFile; fileRef = 37F0D26B14A710F900680F8A /* ImageIO.framework */; };
		37F0D26F14A7701900680F8A /* UIImage+EXIF.m in Sources */ = {isa = PBXBuildFile; fileRef = 37F0D26E14A7701900680F8A /* UIImage+EXIF.m */; };
		37F0D27114A771A400680F8A /* AssetsLibrary.framework in Frameworks */ = {isa = PBXBuildFile; fileRef = 37F0D27014A771A400680F8A /* AssetsLibrary.framework */; };
		37F26D09149F856D000172EF /* PhotoSubmitterOperation.m in Sources */ = {isa = PBXBuildFile; fileRef = 37F26D08149F856D000172EF /* PhotoSubmitterOperation.m */; };
		37F26D0D149F8AA1000172EF /* Reachability.m in Sources */ = {isa = PBXBuildFile; fileRef = 37F26D0C149F8AA0000172EF /* Reachability.m */; settings = {COMPILER_FLAGS = "-fno-objc-arc"; }; };
		37F26D0F149F8C27000172EF /* SystemConfiguration.framework in Frameworks */ = {isa = PBXBuildFile; fileRef = 37F26D0E149F8C27000172EF /* SystemConfiguration.framework */; };
		37F3632814A55F0B00C1BB2B /* FilePhotoSubmitter.m in Sources */ = {isa = PBXBuildFile; fileRef = 37F3632714A55F0B00C1BB2B /* FilePhotoSubmitter.m */; };
		37F3632B14A58D6300C1BB2B /* file_16.png in Resources */ = {isa = PBXBuildFile; fileRef = 37F3632914A58D6300C1BB2B /* file_16.png */; };
		37F3632C14A58D6300C1BB2B /* file_32.png in Resources */ = {isa = PBXBuildFile; fileRef = 37F3632A14A58D6300C1BB2B /* file_32.png */; };
		37F3633114A5957A00C1BB2B /* CoreLocation.framework in Frameworks */ = {isa = PBXBuildFile; fileRef = 37F3633014A5957A00C1BB2B /* CoreLocation.framework */; };
		37F3BE66149DCFE3001A0CF7 /* facebook_16.png in Resources */ = {isa = PBXBuildFile; fileRef = 37F3BE63149DCFE3001A0CF7 /* facebook_16.png */; };
		37F3BE67149DCFE3001A0CF7 /* flickr_16.png in Resources */ = {isa = PBXBuildFile; fileRef = 37F3BE64149DCFE3001A0CF7 /* flickr_16.png */; };
		37F3BE68149DCFE3001A0CF7 /* twitter_16.png in Resources */ = {isa = PBXBuildFile; fileRef = 37F3BE65149DCFE3001A0CF7 /* twitter_16.png */; };
		37F589E014A313E0005C7700 /* TwitterSettingTableViewController.m in Sources */ = {isa = PBXBuildFile; fileRef = 37F589DF14A313E0005C7700 /* TwitterSettingTableViewController.m */; };
		37F589E314A313F8005C7700 /* FlickrSettingTableViewController.m in Sources */ = {isa = PBXBuildFile; fileRef = 37F589E214A313F8005C7700 /* FlickrSettingTableViewController.m */; };
		37F589ED14A32910005C7700 /* PhotoSubmitterAlbumEntity.m in Sources */ = {isa = PBXBuildFile; fileRef = 37F589EC14A32910005C7700 /* PhotoSubmitterAlbumEntity.m */; };
		37F589FF14A35C1E005C7700 /* libObjectiveFlickr.a in Frameworks */ = {isa = PBXBuildFile; fileRef = 37F589FE14A35B78005C7700 /* libObjectiveFlickr.a */; };
		37F58A1114A35D85005C7700 /* NSObject+SBJSON.m in Sources */ = {isa = PBXBuildFile; fileRef = 37F58A0614A35D85005C7700 /* NSObject+SBJSON.m */; settings = {COMPILER_FLAGS = "-fno-objc-arc"; }; };
		37F58A1214A35D85005C7700 /* NSString+SBJSON.m in Sources */ = {isa = PBXBuildFile; fileRef = 37F58A0814A35D85005C7700 /* NSString+SBJSON.m */; settings = {COMPILER_FLAGS = "-fno-objc-arc"; }; };
		37F58A1314A35D85005C7700 /* SBJSON.m in Sources */ = {isa = PBXBuildFile; fileRef = 37F58A0A14A35D85005C7700 /* SBJSON.m */; settings = {COMPILER_FLAGS = "-fno-objc-arc"; }; };
		37F58A1414A35D85005C7700 /* SBJsonBase.m in Sources */ = {isa = PBXBuildFile; fileRef = 37F58A0C14A35D85005C7700 /* SBJsonBase.m */; settings = {COMPILER_FLAGS = "-fno-objc-arc"; }; };
		37F58A1514A35D85005C7700 /* SBJsonParser.m in Sources */ = {isa = PBXBuildFile; fileRef = 37F58A0E14A35D85005C7700 /* SBJsonParser.m */; settings = {COMPILER_FLAGS = "-fno-objc-arc"; }; };
		37F58A1614A35D85005C7700 /* SBJsonWriter.m in Sources */ = {isa = PBXBuildFile; fileRef = 37F58A1014A35D85005C7700 /* SBJsonWriter.m */; settings = {COMPILER_FLAGS = "-fno-objc-arc"; }; };
		37F58A1B14A361FE005C7700 /* DropboxSDK.framework in Frameworks */ = {isa = PBXBuildFile; fileRef = 37F58A1A14A361FE005C7700 /* DropboxSDK.framework */; };
		37F58A1D14A3633A005C7700 /* Security.framework in Frameworks */ = {isa = PBXBuildFile; fileRef = 37F58A1C14A3633A005C7700 /* Security.framework */; };
		37F7431D149D892E002EEADD /* UploadProgressEntity.m in Sources */ = {isa = PBXBuildFile; fileRef = 37F7431C149D892E002EEADD /* UploadProgressEntity.m */; };
		37FB64D71496237500387490 /* SettingTableViewController.m in Sources */ = {isa = PBXBuildFile; fileRef = 37FB64D61496237500387490 /* SettingTableViewController.m */; };
		37FB64DE1496238600387490 /* MainViewController.m in Sources */ = {isa = PBXBuildFile; fileRef = 37FB64DC1496238600387490 /* MainViewController.m */; };
		37FB64E01496239700387490 /* setting.png in Resources */ = {isa = PBXBuildFile; fileRef = 37FB64DF1496239700387490 /* setting.png */; };
		37FB64E91496384800387490 /* FacebookSettingTableViewController.m in Sources */ = {isa = PBXBuildFile; fileRef = 37FB64E81496384800387490 /* FacebookSettingTableViewController.m */; };
		37FB654C1497313500387490 /* FacebookPhotoSubmitter.m in Sources */ = {isa = PBXBuildFile; fileRef = 37FB65481497313500387490 /* FacebookPhotoSubmitter.m */; };
		37FB654D1497313500387490 /* PhotoSubmitterManager.m in Sources */ = {isa = PBXBuildFile; fileRef = 37FB654A1497313500387490 /* PhotoSubmitterManager.m */; };
		37FB65631497AAD300387490 /* ProgressTableViewController.m in Sources */ = {isa = PBXBuildFile; fileRef = 37FB65621497AAD300387490 /* ProgressTableViewController.m */; };
		37FB65781498C8A200387490 /* CFNetwork.framework in Frameworks */ = {isa = PBXBuildFile; fileRef = 37FB65771498C8A100387490 /* CFNetwork.framework */; };
		37FB657F1498CF0200387490 /* FlickrPhotoSubmitter.m in Sources */ = {isa = PBXBuildFile; fileRef = 37FB657E1498CF0200387490 /* FlickrPhotoSubmitter.m */; };
		37FB658A149C4E6D00387490 /* NSData+Digest.m in Sources */ = {isa = PBXBuildFile; fileRef = 37FB6587149C4E6D00387490 /* NSData+Digest.m */; };
		37FB658B149C4E6D00387490 /* UIImage+Digest.m in Sources */ = {isa = PBXBuildFile; fileRef = 37FB6589149C4E6D00387490 /* UIImage+Digest.m */; };
		37FB6599149C4F2A00387490 /* Facebook.m in Sources */ = {isa = PBXBuildFile; fileRef = 37FB6590149C4F2A00387490 /* Facebook.m */; settings = {COMPILER_FLAGS = "-fno-objc-arc"; }; };
		37FB659A149C4F2A00387490 /* FBDialog.bundle in Resources */ = {isa = PBXBuildFile; fileRef = 37FB6592149C4F2A00387490 /* FBDialog.bundle */; };
		37FB659B149C4F2A00387490 /* FBDialog.m in Sources */ = {isa = PBXBuildFile; fileRef = 37FB6594149C4F2A00387490 /* FBDialog.m */; settings = {COMPILER_FLAGS = "-fno-objc-arc"; }; };
		37FB659C149C4F2A00387490 /* FBLoginDialog.m in Sources */ = {isa = PBXBuildFile; fileRef = 37FB6596149C4F2A00387490 /* FBLoginDialog.m */; settings = {COMPILER_FLAGS = "-fno-objc-arc"; }; };
		37FB659D149C4F2A00387490 /* FBRequest.m in Sources */ = {isa = PBXBuildFile; fileRef = 37FB6598149C4F2A00387490 /* FBRequest.m */; settings = {COMPILER_FLAGS = "-fno-objc-arc"; }; };
		37FB65A1149C4F5300387490 /* RegexKitLite.m in Sources */ = {isa = PBXBuildFile; fileRef = 37FB65A0149C4F5300387490 /* RegexKitLite.m */; settings = {COMPILER_FLAGS = "-fno-objc-arc"; }; };
		37FB65B6149C512A00387490 /* libicucore.dylib in Frameworks */ = {isa = PBXBuildFile; fileRef = 37FB65B5149C512A00387490 /* libicucore.dylib */; };
		37FB65C5149C53D000387490 /* FBRequest+UploadProgress.m in Sources */ = {isa = PBXBuildFile; fileRef = 37FB65C4149C53D000387490 /* FBRequest+UploadProgress.m */; };
		37FB65CB149C904E00387490 /* PhotoSubmitter.m in Sources */ = {isa = PBXBuildFile; fileRef = 37FB65CA149C904D00387490 /* PhotoSubmitter.m */; };
		37FB65D0149CB64A00387490 /* Twitter.framework in Frameworks */ = {isa = PBXBuildFile; fileRef = 37FB65CF149CB64A00387490 /* Twitter.framework */; };
		37FB65D7149CD5BD00387490 /* TwitterPhotoSubmitter.m in Sources */ = {isa = PBXBuildFile; fileRef = 37FB65D6149CD5BD00387490 /* TwitterPhotoSubmitter.m */; };
		37FB65D9149CDFBD00387490 /* Accounts.framework in Frameworks */ = {isa = PBXBuildFile; fileRef = 37FB65D8149CDFBC00387490 /* Accounts.framework */; };
		37FB65DD149D028500387490 /* facebook_32.png in Resources */ = {isa = PBXBuildFile; fileRef = 37FB65DA149D028500387490 /* facebook_32.png */; };
		37FB65DE149D028500387490 /* flickr_32.png in Resources */ = {isa = PBXBuildFile; fileRef = 37FB65DB149D028500387490 /* flickr_32.png */; };
		37FB65DF149D028500387490 /* twitter_32.png in Resources */ = {isa = PBXBuildFile; fileRef = 37FB65DC149D028500387490 /* twitter_32.png */; };
		797E392714AC63D900F17AC4 /* Localizable.strings in Resources */ = {isa = PBXBuildFile; fileRef = 797E392514AC63D900F17AC4 /* Localizable.strings */; };
		797E392C14AC63ED00F17AC4 /* InfoPlist.strings in Resources */ = {isa = PBXBuildFile; fileRef = 797E392814AC63ED00F17AC4 /* InfoPlist.strings */; };
		797E392D14AC63ED00F17AC4 /* Localizable.strings in Resources */ = {isa = PBXBuildFile; fileRef = 797E392A14AC63ED00F17AC4 /* Localizable.strings */; };
		797E393014AC6A8800F17AC4 /* TTLang.m in Sources */ = {isa = PBXBuildFile; fileRef = 797E392F14AC6A8800F17AC4 /* TTLang.m */; };
		797E394614B00EE500F17AC4 /* dropbox_16@2x.png in Resources */ = {isa = PBXBuildFile; fileRef = 797E393C14B00EE400F17AC4 /* dropbox_16@2x.png */; };
		797E394714B00EE500F17AC4 /* dropbox_32@2x.png in Resources */ = {isa = PBXBuildFile; fileRef = 797E393D14B00EE400F17AC4 /* dropbox_32@2x.png */; };
		797E394814B00EE500F17AC4 /* facebook_16@2x.png in Resources */ = {isa = PBXBuildFile; fileRef = 797E393E14B00EE500F17AC4 /* facebook_16@2x.png */; };
		797E394914B00EE500F17AC4 /* facebook_32@2x.png in Resources */ = {isa = PBXBuildFile; fileRef = 797E393F14B00EE500F17AC4 /* facebook_32@2x.png */; };
		797E394A14B00EE500F17AC4 /* file_16@2x.png in Resources */ = {isa = PBXBuildFile; fileRef = 797E394014B00EE500F17AC4 /* file_16@2x.png */; };
		797E394B14B00EE500F17AC4 /* file_32@2x.png in Resources */ = {isa = PBXBuildFile; fileRef = 797E394114B00EE500F17AC4 /* file_32@2x.png */; };
		797E394C14B00EE500F17AC4 /* flickr_16@2x.png in Resources */ = {isa = PBXBuildFile; fileRef = 797E394214B00EE500F17AC4 /* flickr_16@2x.png */; };
		797E394D14B00EE500F17AC4 /* flickr_32@2x.png in Resources */ = {isa = PBXBuildFile; fileRef = 797E394314B00EE500F17AC4 /* flickr_32@2x.png */; };
		797E394E14B00EE500F17AC4 /* twitter_16@2x.png in Resources */ = {isa = PBXBuildFile; fileRef = 797E394414B00EE500F17AC4 /* twitter_16@2x.png */; };
		797E394F14B00EE500F17AC4 /* twitter_32@2x.png in Resources */ = {isa = PBXBuildFile; fileRef = 797E394514B00EE500F17AC4 /* twitter_32@2x.png */; };
		797E395114B00F2B00F17AC4 /* setting@2x.png in Resources */ = {isa = PBXBuildFile; fileRef = 797E395014B00F2B00F17AC4 /* setting@2x.png */; };
		797E395414B0377200F17AC4 /* SettingIndicatorView.m in Sources */ = {isa = PBXBuildFile; fileRef = 797E395314B0377200F17AC4 /* SettingIndicatorView.m */; };
		EA8F23F414ADAF960011D575 /* comment.png in Resources */ = {isa = PBXBuildFile; fileRef = EA8F23F214ADAF960011D575 /* comment.png */; };
		EA8F23F514ADAF960011D575 /* gps.png in Resources */ = {isa = PBXBuildFile; fileRef = EA8F23F314ADAF960011D575 /* gps.png */; };
/* End PBXBuildFile section */

/* Begin PBXContainerItemProxy section */
		376E15581494C47800A34E7D /* PBXContainerItemProxy */ = {
			isa = PBXContainerItemProxy;
			containerPortal = 376E152F1494C47800A34E7D /* Project object */;
			proxyType = 1;
			remoteGlobalIDString = 376E15371494C47800A34E7D;
			remoteInfo = tottepost;
		};
		37F589FB14A35B78005C7700 /* PBXContainerItemProxy */ = {
			isa = PBXContainerItemProxy;
			containerPortal = 37F589F214A35B77005C7700 /* ObjectiveFlickr.xcodeproj */;
			proxyType = 2;
			remoteGlobalIDString = 6A8666490F9593B200325E1C;
			remoteInfo = "ObjectiveFlickr (framework)";
		};
		37F589FD14A35B78005C7700 /* PBXContainerItemProxy */ = {
			isa = PBXContainerItemProxy;
			containerPortal = 37F589F214A35B77005C7700 /* ObjectiveFlickr.xcodeproj */;
			proxyType = 2;
			remoteGlobalIDString = 6ABF72E60F939BE600B9179E;
			remoteInfo = "ObjectiveFlickr (library)";
		};
		37F58A0014A35C8B005C7700 /* PBXContainerItemProxy */ = {
			isa = PBXContainerItemProxy;
			containerPortal = 37F589F214A35B77005C7700 /* ObjectiveFlickr.xcodeproj */;
			proxyType = 1;
			remoteGlobalIDString = 6ABF72E50F939BE600B9179E;
			remoteInfo = "ObjectiveFlickr (library)";
		};
/* End PBXContainerItemProxy section */

/* Begin PBXFileReference section */
		3751175214A3672E001909AB /* DropboxPhotoSubmitter.h */ = {isa = PBXFileReference; fileEncoding = 4; lastKnownFileType = sourcecode.c.h; name = DropboxPhotoSubmitter.h; path = PhotoSubmitter/DropboxPhotoSubmitter.h; sourceTree = "<group>"; };
		3751175314A3672E001909AB /* DropboxPhotoSubmitter.m */ = {isa = PBXFileReference; fileEncoding = 4; lastKnownFileType = sourcecode.c.objc; name = DropboxPhotoSubmitter.m; path = PhotoSubmitter/DropboxPhotoSubmitter.m; sourceTree = "<group>"; };
		3751175914A36CCD001909AB /* DropboxSettingTableViewController.h */ = {isa = PBXFileReference; fileEncoding = 4; lastKnownFileType = sourcecode.c.h; path = DropboxSettingTableViewController.h; sourceTree = "<group>"; };
		3751175A14A36CCD001909AB /* DropboxSettingTableViewController.m */ = {isa = PBXFileReference; fileEncoding = 4; lastKnownFileType = sourcecode.c.objc; path = DropboxSettingTableViewController.m; sourceTree = "<group>"; };
		3751175C14A37735001909AB /* dropbox_16.png */ = {isa = PBXFileReference; lastKnownFileType = image.png; name = dropbox_16.png; path = PhotoSubmitter/Images/dropbox_16.png; sourceTree = "<group>"; };
		3751175D14A37735001909AB /* dropbox_32.png */ = {isa = PBXFileReference; lastKnownFileType = image.png; name = dropbox_32.png; path = PhotoSubmitter/Images/dropbox_32.png; sourceTree = "<group>"; };
		376A8B2F149FA18E00637B68 /* UIImage+AutoRotation.h */ = {isa = PBXFileReference; fileEncoding = 4; lastKnownFileType = sourcecode.c.h; name = "UIImage+AutoRotation.h"; path = "Util/UIImage+AutoRotation.h"; sourceTree = "<group>"; };
		376A8B30149FA18E00637B68 /* UIImage+AutoRotation.m */ = {isa = PBXFileReference; fileEncoding = 4; lastKnownFileType = sourcecode.c.objc; name = "UIImage+AutoRotation.m"; path = "Util/UIImage+AutoRotation.m"; sourceTree = "<group>"; };
		376A8B3214A05BB100637B68 /* ProgressTableViewCell.h */ = {isa = PBXFileReference; fileEncoding = 4; lastKnownFileType = sourcecode.c.h; path = ProgressTableViewCell.h; sourceTree = "<group>"; };
		376A8B3314A05BB100637B68 /* ProgressTableViewCell.m */ = {isa = PBXFileReference; fileEncoding = 4; lastKnownFileType = sourcecode.c.objc; path = ProgressTableViewCell.m; sourceTree = "<group>"; };
		376A8B3514A05F8000637B68 /* QuartzCore.framework */ = {isa = PBXFileReference; lastKnownFileType = wrapper.framework; name = QuartzCore.framework; path = System/Library/Frameworks/QuartzCore.framework; sourceTree = SDKROOT; };
		376A8B3814A0617400637B68 /* FBProgressView.h */ = {isa = PBXFileReference; fileEncoding = 4; lastKnownFileType = sourcecode.c.h; name = FBProgressView.h; path = Libraries/FBProgressView/FBProgressView.h; sourceTree = "<group>"; };
		376A8B3914A0617400637B68 /* FBProgressView.m */ = {isa = PBXFileReference; fileEncoding = 4; lastKnownFileType = sourcecode.c.objc; name = FBProgressView.m; path = Libraries/FBProgressView/FBProgressView.m; sourceTree = "<group>"; };
		376A8D5214A2068A00637B68 /* ProgressSummaryView.h */ = {isa = PBXFileReference; fileEncoding = 4; lastKnownFileType = sourcecode.c.h; path = ProgressSummaryView.h; sourceTree = "<group>"; };
		376A8D5314A2068B00637B68 /* ProgressSummaryView.m */ = {isa = PBXFileReference; fileEncoding = 4; lastKnownFileType = sourcecode.c.objc; path = ProgressSummaryView.m; sourceTree = "<group>"; };
		376A8D5514A227F900637B68 /* TottePostSettings.h */ = {isa = PBXFileReference; fileEncoding = 4; lastKnownFileType = sourcecode.c.h; path = TottePostSettings.h; sourceTree = "<group>"; };
		376A8D5614A227F900637B68 /* TottePostSettings.m */ = {isa = PBXFileReference; fileEncoding = 4; lastKnownFileType = sourcecode.c.objc; path = TottePostSettings.m; sourceTree = "<group>"; };
		376A8D5B14A247A200637B68 /* PreviewPhotoView.h */ = {isa = PBXFileReference; fileEncoding = 4; lastKnownFileType = sourcecode.c.h; path = PreviewPhotoView.h; sourceTree = "<group>"; };
		376A8D5C14A247A300637B68 /* PreviewPhotoView.m */ = {isa = PBXFileReference; fileEncoding = 4; lastKnownFileType = sourcecode.c.objc; path = PreviewPhotoView.m; sourceTree = "<group>"; };
		376A8D5E14A24A9E00637B68 /* MainViewControllerConstants.h */ = {isa = PBXFileReference; fileEncoding = 4; lastKnownFileType = sourcecode.c.h; path = MainViewControllerConstants.h; sourceTree = "<group>"; };
		376E15381494C47800A34E7D /* tottepost.app */ = {isa = PBXFileReference; explicitFileType = wrapper.application; includeInIndex = 0; path = tottepost.app; sourceTree = BUILT_PRODUCTS_DIR; };
		376E153C1494C47800A34E7D /* UIKit.framework */ = {isa = PBXFileReference; lastKnownFileType = wrapper.framework; name = UIKit.framework; path = System/Library/Frameworks/UIKit.framework; sourceTree = SDKROOT; };
		376E153E1494C47800A34E7D /* Foundation.framework */ = {isa = PBXFileReference; lastKnownFileType = wrapper.framework; name = Foundation.framework; path = System/Library/Frameworks/Foundation.framework; sourceTree = SDKROOT; };
		376E15401494C47800A34E7D /* CoreGraphics.framework */ = {isa = PBXFileReference; lastKnownFileType = wrapper.framework; name = CoreGraphics.framework; path = System/Library/Frameworks/CoreGraphics.framework; sourceTree = SDKROOT; };
		376E15441494C47800A34E7D /* tottepost-Info.plist */ = {isa = PBXFileReference; lastKnownFileType = text.plist.xml; path = "tottepost-Info.plist"; sourceTree = "<group>"; };
		376E15461494C47800A34E7D /* en */ = {isa = PBXFileReference; lastKnownFileType = text.plist.strings; name = en; path = en.lproj/InfoPlist.strings; sourceTree = "<group>"; };
		376E15481494C47800A34E7D /* main.m */ = {isa = PBXFileReference; lastKnownFileType = sourcecode.c.objc; path = main.m; sourceTree = "<group>"; };
		376E154A1494C47800A34E7D /* tottepost-Prefix.pch */ = {isa = PBXFileReference; lastKnownFileType = sourcecode.c.h; path = "tottepost-Prefix.pch"; sourceTree = "<group>"; };
		376E154B1494C47800A34E7D /* AppDelegate.h */ = {isa = PBXFileReference; lastKnownFileType = sourcecode.c.h; path = AppDelegate.h; sourceTree = "<group>"; };
		376E154C1494C47800A34E7D /* AppDelegate.m */ = {isa = PBXFileReference; lastKnownFileType = sourcecode.c.objc; path = AppDelegate.m; sourceTree = "<group>"; };
		376E15531494C47800A34E7D /* tottepostTests.octest */ = {isa = PBXFileReference; explicitFileType = wrapper.cfbundle; includeInIndex = 0; path = tottepostTests.octest; sourceTree = BUILT_PRODUCTS_DIR; };
		376E15541494C47800A34E7D /* SenTestingKit.framework */ = {isa = PBXFileReference; lastKnownFileType = wrapper.framework; name = SenTestingKit.framework; path = Library/Frameworks/SenTestingKit.framework; sourceTree = DEVELOPER_DIR; };
		376E155C1494C47800A34E7D /* tottepostTests-Info.plist */ = {isa = PBXFileReference; lastKnownFileType = text.plist.xml; path = "tottepostTests-Info.plist"; sourceTree = "<group>"; };
		376E155E1494C47800A34E7D /* en */ = {isa = PBXFileReference; lastKnownFileType = text.plist.strings; name = en; path = en.lproj/InfoPlist.strings; sourceTree = "<group>"; };
		376E15601494C47800A34E7D /* tottepostTests.h */ = {isa = PBXFileReference; lastKnownFileType = sourcecode.c.h; path = tottepostTests.h; sourceTree = "<group>"; };
		376E15611494C47800A34E7D /* tottepostTests.m */ = {isa = PBXFileReference; lastKnownFileType = sourcecode.c.objc; path = tottepostTests.m; sourceTree = "<group>"; };
		37F0D26B14A710F900680F8A /* ImageIO.framework */ = {isa = PBXFileReference; lastKnownFileType = wrapper.framework; name = ImageIO.framework; path = System/Library/Frameworks/ImageIO.framework; sourceTree = SDKROOT; };
		37F0D26D14A7701900680F8A /* UIImage+EXIF.h */ = {isa = PBXFileReference; fileEncoding = 4; name = "UIImage+EXIF.h"; path = "Util/UIImage+EXIF.h"; sourceTree = "<group>"; };
		37F0D26E14A7701900680F8A /* UIImage+EXIF.m */ = {isa = PBXFileReference; fileEncoding = 4; lastKnownFileType = sourcecode.c.objc; name = "UIImage+EXIF.m"; path = "Util/UIImage+EXIF.m"; sourceTree = "<group>"; };
		37F0D27014A771A400680F8A /* AssetsLibrary.framework */ = {isa = PBXFileReference; lastKnownFileType = wrapper.framework; name = AssetsLibrary.framework; path = System/Library/Frameworks/AssetsLibrary.framework; sourceTree = SDKROOT; };
		37F26D07149F856D000172EF /* PhotoSubmitterOperation.h */ = {isa = PBXFileReference; fileEncoding = 4; lastKnownFileType = sourcecode.c.h; name = PhotoSubmitterOperation.h; path = PhotoSubmitter/PhotoSubmitterOperation.h; sourceTree = "<group>"; };
		37F26D08149F856D000172EF /* PhotoSubmitterOperation.m */ = {isa = PBXFileReference; fileEncoding = 4; lastKnownFileType = sourcecode.c.objc; name = PhotoSubmitterOperation.m; path = PhotoSubmitter/PhotoSubmitterOperation.m; sourceTree = "<group>"; };
		37F26D0B149F8AA0000172EF /* Reachability.h */ = {isa = PBXFileReference; fileEncoding = 4; lastKnownFileType = sourcecode.c.h; name = Reachability.h; path = Libraries/Reachability/Reachability.h; sourceTree = "<group>"; };
		37F26D0C149F8AA0000172EF /* Reachability.m */ = {isa = PBXFileReference; fileEncoding = 4; lastKnownFileType = sourcecode.c.objc; name = Reachability.m; path = Libraries/Reachability/Reachability.m; sourceTree = "<group>"; };
		37F26D0E149F8C27000172EF /* SystemConfiguration.framework */ = {isa = PBXFileReference; lastKnownFileType = wrapper.framework; name = SystemConfiguration.framework; path = System/Library/Frameworks/SystemConfiguration.framework; sourceTree = SDKROOT; };
		37F3632614A55F0B00C1BB2B /* FilePhotoSubmitter.h */ = {isa = PBXFileReference; fileEncoding = 4; lastKnownFileType = sourcecode.c.h; name = FilePhotoSubmitter.h; path = PhotoSubmitter/FilePhotoSubmitter.h; sourceTree = "<group>"; };
		37F3632714A55F0B00C1BB2B /* FilePhotoSubmitter.m */ = {isa = PBXFileReference; fileEncoding = 4; lastKnownFileType = sourcecode.c.objc; name = FilePhotoSubmitter.m; path = PhotoSubmitter/FilePhotoSubmitter.m; sourceTree = "<group>"; };
		37F3632914A58D6300C1BB2B /* file_16.png */ = {isa = PBXFileReference; lastKnownFileType = image.png; name = file_16.png; path = PhotoSubmitter/Images/file_16.png; sourceTree = "<group>"; };
		37F3632A14A58D6300C1BB2B /* file_32.png */ = {isa = PBXFileReference; lastKnownFileType = image.png; name = file_32.png; path = PhotoSubmitter/Images/file_32.png; sourceTree = "<group>"; };
		37F3633014A5957A00C1BB2B /* CoreLocation.framework */ = {isa = PBXFileReference; lastKnownFileType = wrapper.framework; name = CoreLocation.framework; path = System/Library/Frameworks/CoreLocation.framework; sourceTree = SDKROOT; };
		37F3BE63149DCFE3001A0CF7 /* facebook_16.png */ = {isa = PBXFileReference; lastKnownFileType = image.png; name = facebook_16.png; path = PhotoSubmitter/Images/facebook_16.png; sourceTree = "<group>"; };
		37F3BE64149DCFE3001A0CF7 /* flickr_16.png */ = {isa = PBXFileReference; lastKnownFileType = image.png; name = flickr_16.png; path = PhotoSubmitter/Images/flickr_16.png; sourceTree = "<group>"; };
		37F3BE65149DCFE3001A0CF7 /* twitter_16.png */ = {isa = PBXFileReference; lastKnownFileType = image.png; name = twitter_16.png; path = PhotoSubmitter/Images/twitter_16.png; sourceTree = "<group>"; };
		37F589DE14A313E0005C7700 /* TwitterSettingTableViewController.h */ = {isa = PBXFileReference; fileEncoding = 4; lastKnownFileType = sourcecode.c.h; path = TwitterSettingTableViewController.h; sourceTree = "<group>"; };
		37F589DF14A313E0005C7700 /* TwitterSettingTableViewController.m */ = {isa = PBXFileReference; fileEncoding = 4; lastKnownFileType = sourcecode.c.objc; path = TwitterSettingTableViewController.m; sourceTree = "<group>"; };
		37F589E114A313F8005C7700 /* FlickrSettingTableViewController.h */ = {isa = PBXFileReference; fileEncoding = 4; lastKnownFileType = sourcecode.c.h; path = FlickrSettingTableViewController.h; sourceTree = "<group>"; };
		37F589E214A313F8005C7700 /* FlickrSettingTableViewController.m */ = {isa = PBXFileReference; fileEncoding = 4; lastKnownFileType = sourcecode.c.objc; path = FlickrSettingTableViewController.m; sourceTree = "<group>"; };
		37F589EB14A3290F005C7700 /* PhotoSubmitterAlbumEntity.h */ = {isa = PBXFileReference; fileEncoding = 4; lastKnownFileType = sourcecode.c.h; name = PhotoSubmitterAlbumEntity.h; path = PhotoSubmitter/PhotoSubmitterAlbumEntity.h; sourceTree = "<group>"; };
		37F589EC14A32910005C7700 /* PhotoSubmitterAlbumEntity.m */ = {isa = PBXFileReference; fileEncoding = 4; lastKnownFileType = sourcecode.c.objc; name = PhotoSubmitterAlbumEntity.m; path = PhotoSubmitter/PhotoSubmitterAlbumEntity.m; sourceTree = "<group>"; };
		37F589F214A35B77005C7700 /* ObjectiveFlickr.xcodeproj */ = {isa = PBXFileReference; lastKnownFileType = "wrapper.pb-project"; name = ObjectiveFlickr.xcodeproj; path = Frameworks/objectiveflickr/ObjectiveFlickr.xcodeproj; sourceTree = "<group>"; };
		37F58A0414A35D85005C7700 /* JSON.h */ = {isa = PBXFileReference; fileEncoding = 4; lastKnownFileType = sourcecode.c.h; name = JSON.h; path = Libraries/JSON/JSON.h; sourceTree = "<group>"; };
		37F58A0514A35D85005C7700 /* NSObject+SBJSON.h */ = {isa = PBXFileReference; fileEncoding = 4; lastKnownFileType = sourcecode.c.h; name = "NSObject+SBJSON.h"; path = "Libraries/JSON/NSObject+SBJSON.h"; sourceTree = "<group>"; };
		37F58A0614A35D85005C7700 /* NSObject+SBJSON.m */ = {isa = PBXFileReference; fileEncoding = 4; lastKnownFileType = sourcecode.c.objc; name = "NSObject+SBJSON.m"; path = "Libraries/JSON/NSObject+SBJSON.m"; sourceTree = "<group>"; };
		37F58A0714A35D85005C7700 /* NSString+SBJSON.h */ = {isa = PBXFileReference; fileEncoding = 4; lastKnownFileType = sourcecode.c.h; name = "NSString+SBJSON.h"; path = "Libraries/JSON/NSString+SBJSON.h"; sourceTree = "<group>"; };
		37F58A0814A35D85005C7700 /* NSString+SBJSON.m */ = {isa = PBXFileReference; fileEncoding = 4; lastKnownFileType = sourcecode.c.objc; name = "NSString+SBJSON.m"; path = "Libraries/JSON/NSString+SBJSON.m"; sourceTree = "<group>"; };
		37F58A0914A35D85005C7700 /* SBJSON.h */ = {isa = PBXFileReference; fileEncoding = 4; lastKnownFileType = sourcecode.c.h; name = SBJSON.h; path = Libraries/JSON/SBJSON.h; sourceTree = "<group>"; };
		37F58A0A14A35D85005C7700 /* SBJSON.m */ = {isa = PBXFileReference; fileEncoding = 4; lastKnownFileType = sourcecode.c.objc; name = SBJSON.m; path = Libraries/JSON/SBJSON.m; sourceTree = "<group>"; };
		37F58A0B14A35D85005C7700 /* SBJsonBase.h */ = {isa = PBXFileReference; fileEncoding = 4; lastKnownFileType = sourcecode.c.h; name = SBJsonBase.h; path = Libraries/JSON/SBJsonBase.h; sourceTree = "<group>"; };
		37F58A0C14A35D85005C7700 /* SBJsonBase.m */ = {isa = PBXFileReference; fileEncoding = 4; lastKnownFileType = sourcecode.c.objc; name = SBJsonBase.m; path = Libraries/JSON/SBJsonBase.m; sourceTree = "<group>"; };
		37F58A0D14A35D85005C7700 /* SBJsonParser.h */ = {isa = PBXFileReference; fileEncoding = 4; lastKnownFileType = sourcecode.c.h; name = SBJsonParser.h; path = Libraries/JSON/SBJsonParser.h; sourceTree = "<group>"; };
		37F58A0E14A35D85005C7700 /* SBJsonParser.m */ = {isa = PBXFileReference; fileEncoding = 4; lastKnownFileType = sourcecode.c.objc; name = SBJsonParser.m; path = Libraries/JSON/SBJsonParser.m; sourceTree = "<group>"; };
		37F58A0F14A35D85005C7700 /* SBJsonWriter.h */ = {isa = PBXFileReference; fileEncoding = 4; lastKnownFileType = sourcecode.c.h; name = SBJsonWriter.h; path = Libraries/JSON/SBJsonWriter.h; sourceTree = "<group>"; };
		37F58A1014A35D85005C7700 /* SBJsonWriter.m */ = {isa = PBXFileReference; fileEncoding = 4; lastKnownFileType = sourcecode.c.objc; name = SBJsonWriter.m; path = Libraries/JSON/SBJsonWriter.m; sourceTree = "<group>"; };
		37F58A1A14A361FE005C7700 /* DropboxSDK.framework */ = {isa = PBXFileReference; lastKnownFileType = wrapper.framework; name = DropboxSDK.framework; path = Frameworks/DropboxSDK.framework; sourceTree = "<group>"; };
		37F58A1C14A3633A005C7700 /* Security.framework */ = {isa = PBXFileReference; lastKnownFileType = wrapper.framework; name = Security.framework; path = System/Library/Frameworks/Security.framework; sourceTree = SDKROOT; };
		37F7431B149D892E002EEADD /* UploadProgressEntity.h */ = {isa = PBXFileReference; fileEncoding = 4; lastKnownFileType = sourcecode.c.h; path = UploadProgressEntity.h; sourceTree = "<group>"; };
		37F7431C149D892E002EEADD /* UploadProgressEntity.m */ = {isa = PBXFileReference; fileEncoding = 4; lastKnownFileType = sourcecode.c.objc; path = UploadProgressEntity.m; sourceTree = "<group>"; };
		37FB64D51496237500387490 /* SettingTableViewController.h */ = {isa = PBXFileReference; fileEncoding = 4; lastKnownFileType = sourcecode.c.h; path = SettingTableViewController.h; sourceTree = "<group>"; };
		37FB64D61496237500387490 /* SettingTableViewController.m */ = {isa = PBXFileReference; fileEncoding = 4; lastKnownFileType = sourcecode.c.objc; path = SettingTableViewController.m; sourceTree = "<group>"; };
		37FB64DB1496238600387490 /* MainViewController.h */ = {isa = PBXFileReference; fileEncoding = 4; lastKnownFileType = sourcecode.c.h; path = MainViewController.h; sourceTree = "<group>"; };
		37FB64DC1496238600387490 /* MainViewController.m */ = {isa = PBXFileReference; fileEncoding = 4; lastKnownFileType = sourcecode.c.objc; path = MainViewController.m; sourceTree = "<group>"; };
		37FB64DF1496239700387490 /* setting.png */ = {isa = PBXFileReference; lastKnownFileType = image.png; name = setting.png; path = Resources/images/setting.png; sourceTree = "<group>"; };
		37FB64E71496384800387490 /* FacebookSettingTableViewController.h */ = {isa = PBXFileReference; fileEncoding = 4; lastKnownFileType = sourcecode.c.h; path = FacebookSettingTableViewController.h; sourceTree = "<group>"; };
		37FB64E81496384800387490 /* FacebookSettingTableViewController.m */ = {isa = PBXFileReference; fileEncoding = 4; lastKnownFileType = sourcecode.c.objc; path = FacebookSettingTableViewController.m; sourceTree = "<group>"; };
		37FB65471497313500387490 /* FacebookPhotoSubmitter.h */ = {isa = PBXFileReference; fileEncoding = 4; lastKnownFileType = sourcecode.c.h; name = FacebookPhotoSubmitter.h; path = PhotoSubmitter/FacebookPhotoSubmitter.h; sourceTree = "<group>"; };
		37FB65481497313500387490 /* FacebookPhotoSubmitter.m */ = {isa = PBXFileReference; fileEncoding = 4; lastKnownFileType = sourcecode.c.objc; name = FacebookPhotoSubmitter.m; path = PhotoSubmitter/FacebookPhotoSubmitter.m; sourceTree = "<group>"; };
		37FB65491497313500387490 /* PhotoSubmitterManager.h */ = {isa = PBXFileReference; fileEncoding = 4; lastKnownFileType = sourcecode.c.h; name = PhotoSubmitterManager.h; path = PhotoSubmitter/PhotoSubmitterManager.h; sourceTree = "<group>"; };
		37FB654A1497313500387490 /* PhotoSubmitterManager.m */ = {isa = PBXFileReference; fileEncoding = 4; lastKnownFileType = sourcecode.c.objc; name = PhotoSubmitterManager.m; path = PhotoSubmitter/PhotoSubmitterManager.m; sourceTree = "<group>"; };
		37FB654B1497313500387490 /* PhotoSubmitterProtocol.h */ = {isa = PBXFileReference; fileEncoding = 4; lastKnownFileType = sourcecode.c.h; name = PhotoSubmitterProtocol.h; path = PhotoSubmitter/PhotoSubmitterProtocol.h; sourceTree = "<group>"; };
		37FB65611497AAD300387490 /* ProgressTableViewController.h */ = {isa = PBXFileReference; fileEncoding = 4; lastKnownFileType = sourcecode.c.h; path = ProgressTableViewController.h; sourceTree = "<group>"; };
		37FB65621497AAD300387490 /* ProgressTableViewController.m */ = {isa = PBXFileReference; fileEncoding = 4; lastKnownFileType = sourcecode.c.objc; path = ProgressTableViewController.m; sourceTree = "<group>"; };
		37FB65771498C8A100387490 /* CFNetwork.framework */ = {isa = PBXFileReference; lastKnownFileType = wrapper.framework; name = CFNetwork.framework; path = System/Library/Frameworks/CFNetwork.framework; sourceTree = SDKROOT; };
		37FB657D1498CF0100387490 /* FlickrPhotoSubmitter.h */ = {isa = PBXFileReference; fileEncoding = 4; lastKnownFileType = sourcecode.c.h; name = FlickrPhotoSubmitter.h; path = PhotoSubmitter/FlickrPhotoSubmitter.h; sourceTree = "<group>"; };
		37FB657E1498CF0200387490 /* FlickrPhotoSubmitter.m */ = {isa = PBXFileReference; fileEncoding = 4; lastKnownFileType = sourcecode.c.objc; name = FlickrPhotoSubmitter.m; path = PhotoSubmitter/FlickrPhotoSubmitter.m; sourceTree = "<group>"; };
		37FB65841498D51800387490 /* PhotoSubmitterAPIKey.h */ = {isa = PBXFileReference; fileEncoding = 4; lastKnownFileType = sourcecode.c.h; name = PhotoSubmitterAPIKey.h; path = PhotoSubmitter/PhotoSubmitterAPIKey.h; sourceTree = "<group>"; };
		37FB6586149C4E6D00387490 /* NSData+Digest.h */ = {isa = PBXFileReference; fileEncoding = 4; lastKnownFileType = sourcecode.c.h; name = "NSData+Digest.h"; path = "Util/NSData+Digest.h"; sourceTree = "<group>"; };
		37FB6587149C4E6D00387490 /* NSData+Digest.m */ = {isa = PBXFileReference; fileEncoding = 4; lastKnownFileType = sourcecode.c.objc; name = "NSData+Digest.m"; path = "Util/NSData+Digest.m"; sourceTree = "<group>"; };
		37FB6588149C4E6D00387490 /* UIImage+Digest.h */ = {isa = PBXFileReference; fileEncoding = 4; lastKnownFileType = sourcecode.c.h; name = "UIImage+Digest.h"; path = "Util/UIImage+Digest.h"; sourceTree = "<group>"; };
		37FB6589149C4E6D00387490 /* UIImage+Digest.m */ = {isa = PBXFileReference; fileEncoding = 4; lastKnownFileType = sourcecode.c.objc; name = "UIImage+Digest.m"; path = "Util/UIImage+Digest.m"; sourceTree = "<group>"; };
		37FB658F149C4F2A00387490 /* Facebook.h */ = {isa = PBXFileReference; fileEncoding = 4; lastKnownFileType = sourcecode.c.h; name = Facebook.h; path = tottepost/Libraries/FBConnect/Facebook.h; sourceTree = SOURCE_ROOT; };
		37FB6590149C4F2A00387490 /* Facebook.m */ = {isa = PBXFileReference; fileEncoding = 4; lastKnownFileType = sourcecode.c.objc; name = Facebook.m; path = tottepost/Libraries/FBConnect/Facebook.m; sourceTree = SOURCE_ROOT; };
		37FB6591149C4F2A00387490 /* FBConnect.h */ = {isa = PBXFileReference; fileEncoding = 4; lastKnownFileType = sourcecode.c.h; name = FBConnect.h; path = tottepost/Libraries/FBConnect/FBConnect.h; sourceTree = SOURCE_ROOT; };
		37FB6592149C4F2A00387490 /* FBDialog.bundle */ = {isa = PBXFileReference; lastKnownFileType = "wrapper.plug-in"; name = FBDialog.bundle; path = tottepost/Libraries/FBConnect/FBDialog.bundle; sourceTree = SOURCE_ROOT; };
		37FB6593149C4F2A00387490 /* FBDialog.h */ = {isa = PBXFileReference; fileEncoding = 4; lastKnownFileType = sourcecode.c.h; name = FBDialog.h; path = tottepost/Libraries/FBConnect/FBDialog.h; sourceTree = SOURCE_ROOT; };
		37FB6594149C4F2A00387490 /* FBDialog.m */ = {isa = PBXFileReference; fileEncoding = 4; lastKnownFileType = sourcecode.c.objc; name = FBDialog.m; path = tottepost/Libraries/FBConnect/FBDialog.m; sourceTree = SOURCE_ROOT; };
		37FB6595149C4F2A00387490 /* FBLoginDialog.h */ = {isa = PBXFileReference; fileEncoding = 4; lastKnownFileType = sourcecode.c.h; name = FBLoginDialog.h; path = tottepost/Libraries/FBConnect/FBLoginDialog.h; sourceTree = SOURCE_ROOT; };
		37FB6596149C4F2A00387490 /* FBLoginDialog.m */ = {isa = PBXFileReference; fileEncoding = 4; lastKnownFileType = sourcecode.c.objc; name = FBLoginDialog.m; path = tottepost/Libraries/FBConnect/FBLoginDialog.m; sourceTree = SOURCE_ROOT; };
		37FB6597149C4F2A00387490 /* FBRequest.h */ = {isa = PBXFileReference; fileEncoding = 4; lastKnownFileType = sourcecode.c.h; name = FBRequest.h; path = tottepost/Libraries/FBConnect/FBRequest.h; sourceTree = SOURCE_ROOT; };
		37FB6598149C4F2A00387490 /* FBRequest.m */ = {isa = PBXFileReference; fileEncoding = 4; lastKnownFileType = sourcecode.c.objc; name = FBRequest.m; path = tottepost/Libraries/FBConnect/FBRequest.m; sourceTree = SOURCE_ROOT; };
		37FB659F149C4F5300387490 /* RegexKitLite.h */ = {isa = PBXFileReference; fileEncoding = 4; lastKnownFileType = sourcecode.c.h; name = RegexKitLite.h; path = Libraries/RegexKitLite/RegexKitLite.h; sourceTree = "<group>"; };
		37FB65A0149C4F5300387490 /* RegexKitLite.m */ = {isa = PBXFileReference; fileEncoding = 4; lastKnownFileType = sourcecode.c.objc; name = RegexKitLite.m; path = Libraries/RegexKitLite/RegexKitLite.m; sourceTree = "<group>"; };
		37FB65B5149C512A00387490 /* libicucore.dylib */ = {isa = PBXFileReference; lastKnownFileType = "compiled.mach-o.dylib"; name = libicucore.dylib; path = usr/lib/libicucore.dylib; sourceTree = SDKROOT; };
		37FB65C3149C53D000387490 /* FBRequest+UploadProgress.h */ = {isa = PBXFileReference; fileEncoding = 4; lastKnownFileType = sourcecode.c.h; name = "FBRequest+UploadProgress.h"; path = "Util/FBRequest+UploadProgress.h"; sourceTree = "<group>"; };
		37FB65C4149C53D000387490 /* FBRequest+UploadProgress.m */ = {isa = PBXFileReference; fileEncoding = 4; lastKnownFileType = sourcecode.c.objc; name = "FBRequest+UploadProgress.m"; path = "Util/FBRequest+UploadProgress.m"; sourceTree = "<group>"; };
		37FB65C9149C904D00387490 /* PhotoSubmitter.h */ = {isa = PBXFileReference; fileEncoding = 4; lastKnownFileType = sourcecode.c.h; name = PhotoSubmitter.h; path = PhotoSubmitter/PhotoSubmitter.h; sourceTree = "<group>"; };
		37FB65CA149C904D00387490 /* PhotoSubmitter.m */ = {isa = PBXFileReference; fileEncoding = 4; lastKnownFileType = sourcecode.c.objc; name = PhotoSubmitter.m; path = PhotoSubmitter/PhotoSubmitter.m; sourceTree = "<group>"; };
		37FB65CF149CB64A00387490 /* Twitter.framework */ = {isa = PBXFileReference; lastKnownFileType = wrapper.framework; name = Twitter.framework; path = System/Library/Frameworks/Twitter.framework; sourceTree = SDKROOT; };
		37FB65D5149CD5BC00387490 /* TwitterPhotoSubmitter.h */ = {isa = PBXFileReference; fileEncoding = 4; lastKnownFileType = sourcecode.c.h; name = TwitterPhotoSubmitter.h; path = PhotoSubmitter/TwitterPhotoSubmitter.h; sourceTree = "<group>"; };
		37FB65D6149CD5BD00387490 /* TwitterPhotoSubmitter.m */ = {isa = PBXFileReference; fileEncoding = 4; lastKnownFileType = sourcecode.c.objc; name = TwitterPhotoSubmitter.m; path = PhotoSubmitter/TwitterPhotoSubmitter.m; sourceTree = "<group>"; };
		37FB65D8149CDFBC00387490 /* Accounts.framework */ = {isa = PBXFileReference; lastKnownFileType = wrapper.framework; name = Accounts.framework; path = System/Library/Frameworks/Accounts.framework; sourceTree = SDKROOT; };
		37FB65DA149D028500387490 /* facebook_32.png */ = {isa = PBXFileReference; lastKnownFileType = image.png; name = facebook_32.png; path = PhotoSubmitter/Images/facebook_32.png; sourceTree = "<group>"; };
		37FB65DB149D028500387490 /* flickr_32.png */ = {isa = PBXFileReference; lastKnownFileType = image.png; name = flickr_32.png; path = PhotoSubmitter/Images/flickr_32.png; sourceTree = "<group>"; };
		37FB65DC149D028500387490 /* twitter_32.png */ = {isa = PBXFileReference; lastKnownFileType = image.png; name = twitter_32.png; path = PhotoSubmitter/Images/twitter_32.png; sourceTree = "<group>"; };
		797E392614AC63D900F17AC4 /* en */ = {isa = PBXFileReference; fileEncoding = 10; lastKnownFileType = text.plist.strings; name = en; path = en.lproj/Localizable.strings; sourceTree = "<group>"; };
		797E392914AC63ED00F17AC4 /* ja */ = {isa = PBXFileReference; lastKnownFileType = text.plist.strings; name = ja; path = ja.lproj/InfoPlist.strings; sourceTree = "<group>"; };
		797E392B14AC63ED00F17AC4 /* ja */ = {isa = PBXFileReference; lastKnownFileType = text.plist.strings; name = ja; path = ja.lproj/Localizable.strings; sourceTree = "<group>"; };
		797E392E14AC6A8800F17AC4 /* TTLang.h */ = {isa = PBXFileReference; fileEncoding = 4; lastKnownFileType = sourcecode.c.h; name = TTLang.h; path = Util/TTLang.h; sourceTree = "<group>"; };
		797E392F14AC6A8800F17AC4 /* TTLang.m */ = {isa = PBXFileReference; fileEncoding = 4; lastKnownFileType = sourcecode.c.objc; name = TTLang.m; path = Util/TTLang.m; sourceTree = "<group>"; };
		797E393C14B00EE400F17AC4 /* dropbox_16@2x.png */ = {isa = PBXFileReference; lastKnownFileType = image.png; name = "dropbox_16@2x.png"; path = "PhotoSubmitter/Images/dropbox_16@2x.png"; sourceTree = "<group>"; };
		797E393D14B00EE400F17AC4 /* dropbox_32@2x.png */ = {isa = PBXFileReference; lastKnownFileType = image.png; name = "dropbox_32@2x.png"; path = "PhotoSubmitter/Images/dropbox_32@2x.png"; sourceTree = "<group>"; };
		797E393E14B00EE500F17AC4 /* facebook_16@2x.png */ = {isa = PBXFileReference; lastKnownFileType = image.png; name = "facebook_16@2x.png"; path = "PhotoSubmitter/Images/facebook_16@2x.png"; sourceTree = "<group>"; };
		797E393F14B00EE500F17AC4 /* facebook_32@2x.png */ = {isa = PBXFileReference; lastKnownFileType = image.png; name = "facebook_32@2x.png"; path = "PhotoSubmitter/Images/facebook_32@2x.png"; sourceTree = "<group>"; };
		797E394014B00EE500F17AC4 /* file_16@2x.png */ = {isa = PBXFileReference; lastKnownFileType = image.png; name = "file_16@2x.png"; path = "PhotoSubmitter/Images/file_16@2x.png"; sourceTree = "<group>"; };
		797E394114B00EE500F17AC4 /* file_32@2x.png */ = {isa = PBXFileReference; lastKnownFileType = image.png; name = "file_32@2x.png"; path = "PhotoSubmitter/Images/file_32@2x.png"; sourceTree = "<group>"; };
		797E394214B00EE500F17AC4 /* flickr_16@2x.png */ = {isa = PBXFileReference; lastKnownFileType = image.png; name = "flickr_16@2x.png"; path = "PhotoSubmitter/Images/flickr_16@2x.png"; sourceTree = "<group>"; };
		797E394314B00EE500F17AC4 /* flickr_32@2x.png */ = {isa = PBXFileReference; lastKnownFileType = image.png; name = "flickr_32@2x.png"; path = "PhotoSubmitter/Images/flickr_32@2x.png"; sourceTree = "<group>"; };
		797E394414B00EE500F17AC4 /* twitter_16@2x.png */ = {isa = PBXFileReference; lastKnownFileType = image.png; name = "twitter_16@2x.png"; path = "PhotoSubmitter/Images/twitter_16@2x.png"; sourceTree = "<group>"; };
		797E394514B00EE500F17AC4 /* twitter_32@2x.png */ = {isa = PBXFileReference; lastKnownFileType = image.png; name = "twitter_32@2x.png"; path = "PhotoSubmitter/Images/twitter_32@2x.png"; sourceTree = "<group>"; };
		797E395014B00F2B00F17AC4 /* setting@2x.png */ = {isa = PBXFileReference; lastKnownFileType = image.png; name = "setting@2x.png"; path = "Resources/Images/setting@2x.png"; sourceTree = "<group>"; };
		797E395214B0377200F17AC4 /* SettingIndicatorView.h */ = {isa = PBXFileReference; fileEncoding = 4; lastKnownFileType = sourcecode.c.h; path = SettingIndicatorView.h; sourceTree = "<group>"; };
		797E395314B0377200F17AC4 /* SettingIndicatorView.m */ = {isa = PBXFileReference; fileEncoding = 4; lastKnownFileType = sourcecode.c.objc; path = SettingIndicatorView.m; sourceTree = "<group>"; };
		EA8F23F214ADAF960011D575 /* comment.png */ = {isa = PBXFileReference; lastKnownFileType = image.png; name = comment.png; path = Resources/Images/comment.png; sourceTree = "<group>"; };
		EA8F23F314ADAF960011D575 /* gps.png */ = {isa = PBXFileReference; lastKnownFileType = image.png; name = gps.png; path = Resources/Images/gps.png; sourceTree = "<group>"; };
/* End PBXFileReference section */

/* Begin PBXFrameworksBuildPhase section */
		376E15351494C47800A34E7D /* Frameworks */ = {
			isa = PBXFrameworksBuildPhase;
			buildActionMask = 2147483647;
			files = (
				37F0D27114A771A400680F8A /* AssetsLibrary.framework in Frameworks */,
				37F0D26C14A710F900680F8A /* ImageIO.framework in Frameworks */,
				37F3633114A5957A00C1BB2B /* CoreLocation.framework in Frameworks */,
				37F58A1D14A3633A005C7700 /* Security.framework in Frameworks */,
				37F589FF14A35C1E005C7700 /* libObjectiveFlickr.a in Frameworks */,
				376A8B3614A05F8100637B68 /* QuartzCore.framework in Frameworks */,
				37F26D0F149F8C27000172EF /* SystemConfiguration.framework in Frameworks */,
				37FB65D9149CDFBD00387490 /* Accounts.framework in Frameworks */,
				37FB65D0149CB64A00387490 /* Twitter.framework in Frameworks */,
				37FB65B6149C512A00387490 /* libicucore.dylib in Frameworks */,
				37FB65781498C8A200387490 /* CFNetwork.framework in Frameworks */,
				376E153D1494C47800A34E7D /* UIKit.framework in Frameworks */,
				376E153F1494C47800A34E7D /* Foundation.framework in Frameworks */,
				376E15411494C47800A34E7D /* CoreGraphics.framework in Frameworks */,
				37F58A1B14A361FE005C7700 /* DropboxSDK.framework in Frameworks */,
			);
			runOnlyForDeploymentPostprocessing = 0;
		};
		376E154F1494C47800A34E7D /* Frameworks */ = {
			isa = PBXFrameworksBuildPhase;
			buildActionMask = 2147483647;
			files = (
				376E15551494C47800A34E7D /* SenTestingKit.framework in Frameworks */,
				376E15561494C47800A34E7D /* UIKit.framework in Frameworks */,
				376E15571494C47800A34E7D /* Foundation.framework in Frameworks */,
			);
			runOnlyForDeploymentPostprocessing = 0;
		};
/* End PBXFrameworksBuildPhase section */

/* Begin PBXGroup section */
		3704D5AF1494CD5A00380D30 /* MainView */ = {
			isa = PBXGroup;
			children = (
				376A8D5E14A24A9E00637B68 /* MainViewControllerConstants.h */,
				37FB64DB1496238600387490 /* MainViewController.h */,
				37FB64DC1496238600387490 /* MainViewController.m */,
				37FB65611497AAD300387490 /* ProgressTableViewController.h */,
				37FB65621497AAD300387490 /* ProgressTableViewController.m */,
				376A8B3214A05BB100637B68 /* ProgressTableViewCell.h */,
				376A8B3314A05BB100637B68 /* ProgressTableViewCell.m */,
				376A8D5214A2068A00637B68 /* ProgressSummaryView.h */,
				376A8D5314A2068B00637B68 /* ProgressSummaryView.m */,
				376A8D5B14A247A200637B68 /* PreviewPhotoView.h */,
				376A8D5C14A247A300637B68 /* PreviewPhotoView.m */,
				37F7431B149D892E002EEADD /* UploadProgressEntity.h */,
				37F7431C149D892E002EEADD /* UploadProgressEntity.m */,
				797E395214B0377200F17AC4 /* SettingIndicatorView.h */,
				797E395314B0377200F17AC4 /* SettingIndicatorView.m */,
			);
			name = MainView;
			sourceTree = "<group>";
		};
		3704D5B01494CD7E00380D30 /* Settings */ = {
			isa = PBXGroup;
			children = (
				37FB64D51496237500387490 /* SettingTableViewController.h */,
				37FB64D61496237500387490 /* SettingTableViewController.m */,
				376A8D5514A227F900637B68 /* TottePostSettings.h */,
				376A8D5614A227F900637B68 /* TottePostSettings.m */,
				37FB64E71496384800387490 /* FacebookSettingTableViewController.h */,
				37FB64E81496384800387490 /* FacebookSettingTableViewController.m */,
				37F589DE14A313E0005C7700 /* TwitterSettingTableViewController.h */,
				37F589DF14A313E0005C7700 /* TwitterSettingTableViewController.m */,
				37F589E114A313F8005C7700 /* FlickrSettingTableViewController.h */,
				37F589E214A313F8005C7700 /* FlickrSettingTableViewController.m */,
				3751175914A36CCD001909AB /* DropboxSettingTableViewController.h */,
				3751175A14A36CCD001909AB /* DropboxSettingTableViewController.m */,
			);
			name = Settings;
			sourceTree = "<group>";
		};
		3704D5B41494DAD000380D30 /* Resources */ = {
			isa = PBXGroup;
			children = (
				3704D5B51494DAE100380D30 /* Images */,
			);
			name = Resources;
			sourceTree = "<group>";
		};
		3704D5B51494DAE100380D30 /* Images */ = {
			isa = PBXGroup;
			children = (
				EA8F23F214ADAF960011D575 /* comment.png */,
				EA8F23F314ADAF960011D575 /* gps.png */,
				37FB64DF1496239700387490 /* setting.png */,
				797E395014B00F2B00F17AC4 /* setting@2x.png */,
			);
			name = Images;
			sourceTree = "<group>";
		};
		376A8B3714A060B700637B68 /* FBProgressView */ = {
			isa = PBXGroup;
			children = (
				376A8B3814A0617400637B68 /* FBProgressView.h */,
				376A8B3914A0617400637B68 /* FBProgressView.m */,
			);
			name = FBProgressView;
			sourceTree = "<group>";
		};
		376E152D1494C47800A34E7D = {
			isa = PBXGroup;
			children = (
				376E15421494C47800A34E7D /* tottepost */,
				376E155A1494C47800A34E7D /* tottepostTests */,
				376E153B1494C47800A34E7D /* Frameworks */,
				376E15391494C47800A34E7D /* Products */,
			);
			sourceTree = "<group>";
		};
		376E15391494C47800A34E7D /* Products */ = {
			isa = PBXGroup;
			children = (
				376E15381494C47800A34E7D /* tottepost.app */,
				376E15531494C47800A34E7D /* tottepostTests.octest */,
			);
			name = Products;
			sourceTree = "<group>";
		};
		376E153B1494C47800A34E7D /* Frameworks */ = {
			isa = PBXGroup;
			children = (
				37FB65D8149CDFBC00387490 /* Accounts.framework */,
				37F0D27014A771A400680F8A /* AssetsLibrary.framework */,
				37FB65771498C8A100387490 /* CFNetwork.framework */,
				376E15401494C47800A34E7D /* CoreGraphics.framework */,
				37F3633014A5957A00C1BB2B /* CoreLocation.framework */,
				37F58A1A14A361FE005C7700 /* DropboxSDK.framework */,
				376E153E1494C47800A34E7D /* Foundation.framework */,
				37F0D26B14A710F900680F8A /* ImageIO.framework */,
				376A8B3514A05F8000637B68 /* QuartzCore.framework */,
				37F58A1C14A3633A005C7700 /* Security.framework */,
				376E15541494C47800A34E7D /* SenTestingKit.framework */,
				37F26D0E149F8C27000172EF /* SystemConfiguration.framework */,
				37FB65CF149CB64A00387490 /* Twitter.framework */,
				376E153C1494C47800A34E7D /* UIKit.framework */,
				37FB65B5149C512A00387490 /* libicucore.dylib */,
				37F589F214A35B77005C7700 /* ObjectiveFlickr.xcodeproj */,
			);
			name = Frameworks;
			sourceTree = "<group>";
		};
		376E15421494C47800A34E7D /* tottepost */ = {
			isa = PBXGroup;
			children = (
				37FB6585149C4D1500387490 /* Libraries */,
				37FB655A14978CA500387490 /* Util */,
				3704D5AF1494CD5A00380D30 /* MainView */,
				3704D5B01494CD7E00380D30 /* Settings */,
				37FB653F14970D9C00387490 /* PhotoSubmitter */,
				376E154B1494C47800A34E7D /* AppDelegate.h */,
				376E154C1494C47800A34E7D /* AppDelegate.m */,
				376E15431494C47800A34E7D /* Supporting Files */,
				3704D5B41494DAD000380D30 /* Resources */,
			);
			path = tottepost;
			sourceTree = "<group>";
		};
		376E15431494C47800A34E7D /* Supporting Files */ = {
			isa = PBXGroup;
			children = (
				797E392314AC63A700F17AC4 /* en.lproj */,
				797E392414AC63C200F17AC4 /* ja.lproj */,
				376E15441494C47800A34E7D /* tottepost-Info.plist */,
				376E15481494C47800A34E7D /* main.m */,
				376E154A1494C47800A34E7D /* tottepost-Prefix.pch */,
			);
			name = "Supporting Files";
			sourceTree = "<group>";
		};
		376E155A1494C47800A34E7D /* tottepostTests */ = {
			isa = PBXGroup;
			children = (
				376E15601494C47800A34E7D /* tottepostTests.h */,
				376E15611494C47800A34E7D /* tottepostTests.m */,
				376E155B1494C47800A34E7D /* Supporting Files */,
			);
			path = tottepostTests;
			sourceTree = "<group>";
		};
		376E155B1494C47800A34E7D /* Supporting Files */ = {
			isa = PBXGroup;
			children = (
				376E155C1494C47800A34E7D /* tottepostTests-Info.plist */,
				376E155D1494C47800A34E7D /* InfoPlist.strings */,
			);
			name = "Supporting Files";
			sourceTree = "<group>";
		};
		37F26D0A149F8A90000172EF /* Reachability */ = {
			isa = PBXGroup;
			children = (
				37F26D0B149F8AA0000172EF /* Reachability.h */,
				37F26D0C149F8AA0000172EF /* Reachability.m */,
			);
			name = Reachability;
			sourceTree = "<group>";
		};
		37F589F314A35B77005C7700 /* Products */ = {
			isa = PBXGroup;
			children = (
				37F589FC14A35B78005C7700 /* ObjectiveFlickr.framework */,
				37F589FE14A35B78005C7700 /* libObjectiveFlickr.a */,
			);
			name = Products;
			sourceTree = "<group>";
		};
		37F58A0314A35D06005C7700 /* SBJSON */ = {
			isa = PBXGroup;
			children = (
				37F58A0414A35D85005C7700 /* JSON.h */,
				37F58A0514A35D85005C7700 /* NSObject+SBJSON.h */,
				37F58A0614A35D85005C7700 /* NSObject+SBJSON.m */,
				37F58A0714A35D85005C7700 /* NSString+SBJSON.h */,
				37F58A0814A35D85005C7700 /* NSString+SBJSON.m */,
				37F58A0914A35D85005C7700 /* SBJSON.h */,
				37F58A0A14A35D85005C7700 /* SBJSON.m */,
				37F58A0B14A35D85005C7700 /* SBJsonBase.h */,
				37F58A0C14A35D85005C7700 /* SBJsonBase.m */,
				37F58A0D14A35D85005C7700 /* SBJsonParser.h */,
				37F58A0E14A35D85005C7700 /* SBJsonParser.m */,
				37F58A0F14A35D85005C7700 /* SBJsonWriter.h */,
				37F58A1014A35D85005C7700 /* SBJsonWriter.m */,
			);
			name = SBJSON;
			sourceTree = "<group>";
		};
		37F7431E149DA2BB002EEADD /* Images */ = {
			isa = PBXGroup;
			children = (
				37F3BE63149DCFE3001A0CF7 /* facebook_16.png */,
				797E393E14B00EE500F17AC4 /* facebook_16@2x.png */,
				37FB65DA149D028500387490 /* facebook_32.png */,
				797E393F14B00EE500F17AC4 /* facebook_32@2x.png */,
				37F3BE65149DCFE3001A0CF7 /* twitter_16.png */,
				797E394414B00EE500F17AC4 /* twitter_16@2x.png */,
				37FB65DC149D028500387490 /* twitter_32.png */,
				797E394514B00EE500F17AC4 /* twitter_32@2x.png */,
				37F3BE64149DCFE3001A0CF7 /* flickr_16.png */,
				797E394214B00EE500F17AC4 /* flickr_16@2x.png */,
				37FB65DB149D028500387490 /* flickr_32.png */,
				797E394314B00EE500F17AC4 /* flickr_32@2x.png */,
				3751175C14A37735001909AB /* dropbox_16.png */,
				797E393C14B00EE400F17AC4 /* dropbox_16@2x.png */,
				3751175D14A37735001909AB /* dropbox_32.png */,
				797E393D14B00EE400F17AC4 /* dropbox_32@2x.png */,
				37F3632914A58D6300C1BB2B /* file_16.png */,
				797E394014B00EE500F17AC4 /* file_16@2x.png */,
				37F3632A14A58D6300C1BB2B /* file_32.png */,
				797E394114B00EE500F17AC4 /* file_32@2x.png */,
			);
			name = Images;
			sourceTree = "<group>";
		};
		37FB65121496415600387490 /* FBConnect */ = {
			isa = PBXGroup;
			children = (
				37FB658F149C4F2A00387490 /* Facebook.h */,
				37FB6590149C4F2A00387490 /* Facebook.m */,
				37FB6591149C4F2A00387490 /* FBConnect.h */,
				37FB6592149C4F2A00387490 /* FBDialog.bundle */,
				37FB6593149C4F2A00387490 /* FBDialog.h */,
				37FB6594149C4F2A00387490 /* FBDialog.m */,
				37FB6595149C4F2A00387490 /* FBLoginDialog.h */,
				37FB6596149C4F2A00387490 /* FBLoginDialog.m */,
				37FB6597149C4F2A00387490 /* FBRequest.h */,
				37FB6598149C4F2A00387490 /* FBRequest.m */,
			);
			path = FBConnect;
			sourceTree = "<group>";
		};
		37FB653F14970D9C00387490 /* PhotoSubmitter */ = {
			isa = PBXGroup;
			children = (
				37F7431E149DA2BB002EEADD /* Images */,
				37FB65841498D51800387490 /* PhotoSubmitterAPIKey.h */,
				37FB654B1497313500387490 /* PhotoSubmitterProtocol.h */,
				37FB65491497313500387490 /* PhotoSubmitterManager.h */,
				37FB654A1497313500387490 /* PhotoSubmitterManager.m */,
				37F26D07149F856D000172EF /* PhotoSubmitterOperation.h */,
				37F26D08149F856D000172EF /* PhotoSubmitterOperation.m */,
				37FB65C9149C904D00387490 /* PhotoSubmitter.h */,
				37FB65CA149C904D00387490 /* PhotoSubmitter.m */,
				37FB65471497313500387490 /* FacebookPhotoSubmitter.h */,
				37FB65481497313500387490 /* FacebookPhotoSubmitter.m */,
				37FB65D5149CD5BC00387490 /* TwitterPhotoSubmitter.h */,
				37FB65D6149CD5BD00387490 /* TwitterPhotoSubmitter.m */,
				37FB657D1498CF0100387490 /* FlickrPhotoSubmitter.h */,
				37FB657E1498CF0200387490 /* FlickrPhotoSubmitter.m */,
				3751175214A3672E001909AB /* DropboxPhotoSubmitter.h */,
				3751175314A3672E001909AB /* DropboxPhotoSubmitter.m */,
				37F3632614A55F0B00C1BB2B /* FilePhotoSubmitter.h */,
				37F3632714A55F0B00C1BB2B /* FilePhotoSubmitter.m */,
				37F589EB14A3290F005C7700 /* PhotoSubmitterAlbumEntity.h */,
				37F589EC14A32910005C7700 /* PhotoSubmitterAlbumEntity.m */,
			);
			name = PhotoSubmitter;
			sourceTree = "<group>";
		};
		37FB655A14978CA500387490 /* Util */ = {
			isa = PBXGroup;
			children = (
				37FB65C3149C53D000387490 /* FBRequest+UploadProgress.h */,
				37FB65C4149C53D000387490 /* FBRequest+UploadProgress.m */,
				37FB6586149C4E6D00387490 /* NSData+Digest.h */,
				37FB6587149C4E6D00387490 /* NSData+Digest.m */,
				37FB6588149C4E6D00387490 /* UIImage+Digest.h */,
				37FB6589149C4E6D00387490 /* UIImage+Digest.m */,
				376A8B2F149FA18E00637B68 /* UIImage+AutoRotation.h */,
				376A8B30149FA18E00637B68 /* UIImage+AutoRotation.m */,
				37F0D26D14A7701900680F8A /* UIImage+EXIF.h */,
				37F0D26E14A7701900680F8A /* UIImage+EXIF.m */,
				797E392E14AC6A8800F17AC4 /* TTLang.h */,
				797E392F14AC6A8800F17AC4 /* TTLang.m */,
			);
			name = Util;
			sourceTree = "<group>";
		};
		37FB6585149C4D1500387490 /* Libraries */ = {
			isa = PBXGroup;
			children = (
				376A8B3714A060B700637B68 /* FBProgressView */,
				37F26D0A149F8A90000172EF /* Reachability */,
				37FB659E149C4F3200387490 /* RegexKitLite */,
				37F58A0314A35D06005C7700 /* SBJSON */,
				37FB65121496415600387490 /* FBConnect */,
			);
			name = Libraries;
			sourceTree = "<group>";
		};
		37FB659E149C4F3200387490 /* RegexKitLite */ = {
			isa = PBXGroup;
			children = (
				37FB659F149C4F5300387490 /* RegexKitLite.h */,
				37FB65A0149C4F5300387490 /* RegexKitLite.m */,
			);
			name = RegexKitLite;
			sourceTree = "<group>";
		};
		797E392314AC63A700F17AC4 /* en.lproj */ = {
			isa = PBXGroup;
			children = (
				376E15451494C47800A34E7D /* InfoPlist.strings */,
				797E392514AC63D900F17AC4 /* Localizable.strings */,
			);
			name = en.lproj;
			sourceTree = "<group>";
		};
		797E392414AC63C200F17AC4 /* ja.lproj */ = {
			isa = PBXGroup;
			children = (
				797E392814AC63ED00F17AC4 /* InfoPlist.strings */,
				797E392A14AC63ED00F17AC4 /* Localizable.strings */,
			);
			name = ja.lproj;
			sourceTree = "<group>";
		};
/* End PBXGroup section */

/* Begin PBXNativeTarget section */
		376E15371494C47800A34E7D /* tottepost */ = {
			isa = PBXNativeTarget;
			buildConfigurationList = 376E15651494C47800A34E7D /* Build configuration list for PBXNativeTarget "tottepost" */;
			buildPhases = (
				376E15341494C47800A34E7D /* Sources */,
				376E15351494C47800A34E7D /* Frameworks */,
				376E15361494C47800A34E7D /* Resources */,
			);
			buildRules = (
			);
			dependencies = (
				37F58A0114A35C8B005C7700 /* PBXTargetDependency */,
			);
			name = tottepost;
			productName = tottepost;
			productReference = 376E15381494C47800A34E7D /* tottepost.app */;
			productType = "com.apple.product-type.application";
		};
		376E15521494C47800A34E7D /* tottepostTests */ = {
			isa = PBXNativeTarget;
			buildConfigurationList = 376E15681494C47800A34E7D /* Build configuration list for PBXNativeTarget "tottepostTests" */;
			buildPhases = (
				376E154E1494C47800A34E7D /* Sources */,
				376E154F1494C47800A34E7D /* Frameworks */,
				376E15501494C47800A34E7D /* Resources */,
				376E15511494C47800A34E7D /* ShellScript */,
			);
			buildRules = (
			);
			dependencies = (
				376E15591494C47800A34E7D /* PBXTargetDependency */,
			);
			name = tottepostTests;
			productName = tottepostTests;
			productReference = 376E15531494C47800A34E7D /* tottepostTests.octest */;
			productType = "com.apple.product-type.bundle";
		};
/* End PBXNativeTarget section */

/* Begin PBXProject section */
		376E152F1494C47800A34E7D /* Project object */ = {
			isa = PBXProject;
			attributes = {
				LastUpgradeCheck = 0420;
			};
			buildConfigurationList = 376E15321494C47800A34E7D /* Build configuration list for PBXProject "tottepost" */;
			compatibilityVersion = "Xcode 3.2";
			developmentRegion = English;
			hasScannedForEncodings = 0;
			knownRegions = (
				en,
				ja,
			);
			mainGroup = 376E152D1494C47800A34E7D;
			productRefGroup = 376E15391494C47800A34E7D /* Products */;
			projectDirPath = "";
			projectReferences = (
				{
					ProductGroup = 37F589F314A35B77005C7700 /* Products */;
					ProjectRef = 37F589F214A35B77005C7700 /* ObjectiveFlickr.xcodeproj */;
				},
			);
			projectRoot = "";
			targets = (
				376E15371494C47800A34E7D /* tottepost */,
				376E15521494C47800A34E7D /* tottepostTests */,
			);
		};
/* End PBXProject section */

/* Begin PBXReferenceProxy section */
		37F589FC14A35B78005C7700 /* ObjectiveFlickr.framework */ = {
			isa = PBXReferenceProxy;
			fileType = wrapper.framework;
			path = ObjectiveFlickr.framework;
			remoteRef = 37F589FB14A35B78005C7700 /* PBXContainerItemProxy */;
			sourceTree = BUILT_PRODUCTS_DIR;
		};
		37F589FE14A35B78005C7700 /* libObjectiveFlickr.a */ = {
			isa = PBXReferenceProxy;
			fileType = archive.ar;
			path = libObjectiveFlickr.a;
			remoteRef = 37F589FD14A35B78005C7700 /* PBXContainerItemProxy */;
			sourceTree = BUILT_PRODUCTS_DIR;
		};
/* End PBXReferenceProxy section */

/* Begin PBXResourcesBuildPhase section */
		376E15361494C47800A34E7D /* Resources */ = {
			isa = PBXResourcesBuildPhase;
			buildActionMask = 2147483647;
			files = (
				376E15471494C47800A34E7D /* InfoPlist.strings in Resources */,
				37FB64E01496239700387490 /* setting.png in Resources */,
				37FB659A149C4F2A00387490 /* FBDialog.bundle in Resources */,
				37FB65DD149D028500387490 /* facebook_32.png in Resources */,
				37FB65DE149D028500387490 /* flickr_32.png in Resources */,
				37FB65DF149D028500387490 /* twitter_32.png in Resources */,
				37F3BE66149DCFE3001A0CF7 /* facebook_16.png in Resources */,
				37F3BE67149DCFE3001A0CF7 /* flickr_16.png in Resources */,
				37F3BE68149DCFE3001A0CF7 /* twitter_16.png in Resources */,
				3751175E14A37735001909AB /* dropbox_16.png in Resources */,
				3751175F14A37735001909AB /* dropbox_32.png in Resources */,
				37F3632B14A58D6300C1BB2B /* file_16.png in Resources */,
				37F3632C14A58D6300C1BB2B /* file_32.png in Resources */,
				797E392714AC63D900F17AC4 /* Localizable.strings in Resources */,
				797E392C14AC63ED00F17AC4 /* InfoPlist.strings in Resources */,
				797E392D14AC63ED00F17AC4 /* Localizable.strings in Resources */,
				EA8F23F414ADAF960011D575 /* comment.png in Resources */,
				EA8F23F514ADAF960011D575 /* gps.png in Resources */,
				797E394614B00EE500F17AC4 /* dropbox_16@2x.png in Resources */,
				797E394714B00EE500F17AC4 /* dropbox_32@2x.png in Resources */,
				797E394814B00EE500F17AC4 /* facebook_16@2x.png in Resources */,
				797E394914B00EE500F17AC4 /* facebook_32@2x.png in Resources */,
				797E394A14B00EE500F17AC4 /* file_16@2x.png in Resources */,
				797E394B14B00EE500F17AC4 /* file_32@2x.png in Resources */,
				797E394C14B00EE500F17AC4 /* flickr_16@2x.png in Resources */,
				797E394D14B00EE500F17AC4 /* flickr_32@2x.png in Resources */,
				797E394E14B00EE500F17AC4 /* twitter_16@2x.png in Resources */,
				797E394F14B00EE500F17AC4 /* twitter_32@2x.png in Resources */,
				797E395114B00F2B00F17AC4 /* setting@2x.png in Resources */,
			);
			runOnlyForDeploymentPostprocessing = 0;
		};
		376E15501494C47800A34E7D /* Resources */ = {
			isa = PBXResourcesBuildPhase;
			buildActionMask = 2147483647;
			files = (
				376E155F1494C47800A34E7D /* InfoPlist.strings in Resources */,
			);
			runOnlyForDeploymentPostprocessing = 0;
		};
/* End PBXResourcesBuildPhase section */

/* Begin PBXShellScriptBuildPhase section */
		376E15511494C47800A34E7D /* ShellScript */ = {
			isa = PBXShellScriptBuildPhase;
			buildActionMask = 2147483647;
			files = (
			);
			inputPaths = (
			);
			outputPaths = (
			);
			runOnlyForDeploymentPostprocessing = 0;
			shellPath = /bin/sh;
			shellScript = "# Run the unit tests in this test bundle.\n\"${SYSTEM_DEVELOPER_DIR}/Tools/RunUnitTests\"\n";
		};
/* End PBXShellScriptBuildPhase section */

/* Begin PBXSourcesBuildPhase section */
		376E15341494C47800A34E7D /* Sources */ = {
			isa = PBXSourcesBuildPhase;
			buildActionMask = 2147483647;
			files = (
				376E15491494C47800A34E7D /* main.m in Sources */,
				376E154D1494C47800A34E7D /* AppDelegate.m in Sources */,
				37FB64D71496237500387490 /* SettingTableViewController.m in Sources */,
				37FB64DE1496238600387490 /* MainViewController.m in Sources */,
				37FB64E91496384800387490 /* FacebookSettingTableViewController.m in Sources */,
				37FB654C1497313500387490 /* FacebookPhotoSubmitter.m in Sources */,
				37FB654D1497313500387490 /* PhotoSubmitterManager.m in Sources */,
				37FB65631497AAD300387490 /* ProgressTableViewController.m in Sources */,
				37FB657F1498CF0200387490 /* FlickrPhotoSubmitter.m in Sources */,
				37FB658A149C4E6D00387490 /* NSData+Digest.m in Sources */,
				37FB658B149C4E6D00387490 /* UIImage+Digest.m in Sources */,
				376A8B31149FA18E00637B68 /* UIImage+AutoRotation.m in Sources */,
				37FB65C5149C53D000387490 /* FBRequest+UploadProgress.m in Sources */,
				37FB65CB149C904E00387490 /* PhotoSubmitter.m in Sources */,
				37FB65D7149CD5BD00387490 /* TwitterPhotoSubmitter.m in Sources */,
				37F7431D149D892E002EEADD /* UploadProgressEntity.m in Sources */,
				37F26D09149F856D000172EF /* PhotoSubmitterOperation.m in Sources */,
				376A8B3414A05BB100637B68 /* ProgressTableViewCell.m in Sources */,
				376A8D5414A2068B00637B68 /* ProgressSummaryView.m in Sources */,
				376A8D5714A227FA00637B68 /* TottePostSettings.m in Sources */,
				376A8D5D14A247A300637B68 /* PreviewPhotoView.m in Sources */,
				37F589E014A313E0005C7700 /* TwitterSettingTableViewController.m in Sources */,
				37F589E314A313F8005C7700 /* FlickrSettingTableViewController.m in Sources */,
				37F589ED14A32910005C7700 /* PhotoSubmitterAlbumEntity.m in Sources */,
				37FB6599149C4F2A00387490 /* Facebook.m in Sources */,
				37FB659B149C4F2A00387490 /* FBDialog.m in Sources */,
				37FB659C149C4F2A00387490 /* FBLoginDialog.m in Sources */,
				37FB659D149C4F2A00387490 /* FBRequest.m in Sources */,
				37FB65A1149C4F5300387490 /* RegexKitLite.m in Sources */,
				37F26D0D149F8AA1000172EF /* Reachability.m in Sources */,
				376A8B3A14A0617400637B68 /* FBProgressView.m in Sources */,
				37F58A1114A35D85005C7700 /* NSObject+SBJSON.m in Sources */,
				37F58A1214A35D85005C7700 /* NSString+SBJSON.m in Sources */,
				37F58A1314A35D85005C7700 /* SBJSON.m in Sources */,
				37F58A1414A35D85005C7700 /* SBJsonBase.m in Sources */,
				37F58A1514A35D85005C7700 /* SBJsonParser.m in Sources */,
				37F58A1614A35D85005C7700 /* SBJsonWriter.m in Sources */,
				3751175414A3672E001909AB /* DropboxPhotoSubmitter.m in Sources */,
				3751175B14A36CCD001909AB /* DropboxSettingTableViewController.m in Sources */,
				37F3632814A55F0B00C1BB2B /* FilePhotoSubmitter.m in Sources */,
				37F0D26F14A7701900680F8A /* UIImage+EXIF.m in Sources */,
				797E393014AC6A8800F17AC4 /* TTLang.m in Sources */,
				797E395414B0377200F17AC4 /* SettingIndicatorView.m in Sources */,
			);
			runOnlyForDeploymentPostprocessing = 0;
		};
		376E154E1494C47800A34E7D /* Sources */ = {
			isa = PBXSourcesBuildPhase;
			buildActionMask = 2147483647;
			files = (
				376E15621494C47800A34E7D /* tottepostTests.m in Sources */,
			);
			runOnlyForDeploymentPostprocessing = 0;
		};
/* End PBXSourcesBuildPhase section */

/* Begin PBXTargetDependency section */
		376E15591494C47800A34E7D /* PBXTargetDependency */ = {
			isa = PBXTargetDependency;
			target = 376E15371494C47800A34E7D /* tottepost */;
			targetProxy = 376E15581494C47800A34E7D /* PBXContainerItemProxy */;
		};
		37F58A0114A35C8B005C7700 /* PBXTargetDependency */ = {
			isa = PBXTargetDependency;
			name = "ObjectiveFlickr (library)";
			targetProxy = 37F58A0014A35C8B005C7700 /* PBXContainerItemProxy */;
		};
/* End PBXTargetDependency section */

/* Begin PBXVariantGroup section */
		376E15451494C47800A34E7D /* InfoPlist.strings */ = {
			isa = PBXVariantGroup;
			children = (
				376E15461494C47800A34E7D /* en */,
			);
			name = InfoPlist.strings;
			sourceTree = "<group>";
		};
		376E155D1494C47800A34E7D /* InfoPlist.strings */ = {
			isa = PBXVariantGroup;
			children = (
				376E155E1494C47800A34E7D /* en */,
			);
			name = InfoPlist.strings;
			sourceTree = "<group>";
		};
		797E392514AC63D900F17AC4 /* Localizable.strings */ = {
			isa = PBXVariantGroup;
			children = (
				797E392614AC63D900F17AC4 /* en */,
			);
			name = Localizable.strings;
			sourceTree = "<group>";
		};
		797E392814AC63ED00F17AC4 /* InfoPlist.strings */ = {
			isa = PBXVariantGroup;
			children = (
				797E392914AC63ED00F17AC4 /* ja */,
			);
			name = InfoPlist.strings;
			sourceTree = "<group>";
		};
		797E392A14AC63ED00F17AC4 /* Localizable.strings */ = {
			isa = PBXVariantGroup;
			children = (
				797E392B14AC63ED00F17AC4 /* ja */,
			);
			name = Localizable.strings;
			sourceTree = "<group>";
		};
/* End PBXVariantGroup section */

/* Begin XCBuildConfiguration section */
		376E15631494C47800A34E7D /* Debug */ = {
			isa = XCBuildConfiguration;
			buildSettings = {
				ALWAYS_SEARCH_USER_PATHS = NO;
				ARCHS = "$(ARCHS_STANDARD_32_BIT)";
				CLANG_ENABLE_OBJC_ARC = YES;
				"CODE_SIGN_IDENTITY[sdk=iphoneos*]" = "iPhone Developer";
				COPY_PHASE_STRIP = NO;
				EXCLUDED_SOURCE_FILE_NAMES = (
					JSON.h,
					SBJSON.h,
					SBJSON.m,
					SBJsonBase.h,
					SBJsonBase.m,
					SBJsonParser.h,
					SBJsonParser.m,
					SBJsonWriter.h,
					SBJsonWriter.m,
					"NSObject+SBJSON.h",
					"NSObject+SBJSON.m",
					"NSString+SBJSON.h",
					"NSString+SBJSON.m",
				);
				GCC_C_LANGUAGE_STANDARD = gnu99;
				GCC_DYNAMIC_NO_PIC = NO;
				GCC_OPTIMIZATION_LEVEL = 0;
				GCC_PREPROCESSOR_DEFINITIONS = (
					"DEBUG=1",
					"$(inherited)",
				);
				GCC_SYMBOLS_PRIVATE_EXTERN = NO;
				GCC_VERSION = com.apple.compilers.llvm.clang.1_0;
				GCC_WARN_ABOUT_MISSING_PROTOTYPES = YES;
				GCC_WARN_ABOUT_RETURN_TYPE = YES;
				GCC_WARN_UNUSED_VARIABLE = YES;
				HEADER_SEARCH_PATHS = (
					Frameworks/objectiveflickr/LFWebAPIKit,
					Frameworks/objectiveflickr/Source,
				);
				IPHONEOS_DEPLOYMENT_TARGET = 5.0;
				SDKROOT = iphoneos;
				TARGETED_DEVICE_FAMILY = "1,2";
			};
			name = Debug;
		};
		376E15641494C47800A34E7D /* Release */ = {
			isa = XCBuildConfiguration;
			buildSettings = {
				ALWAYS_SEARCH_USER_PATHS = NO;
				ARCHS = "$(ARCHS_STANDARD_32_BIT)";
				CLANG_ENABLE_OBJC_ARC = YES;
				"CODE_SIGN_IDENTITY[sdk=iphoneos*]" = "iPhone Developer";
				COPY_PHASE_STRIP = YES;
				EXCLUDED_SOURCE_FILE_NAMES = (
					JSON.h,
					SBJSON.h,
					SBJSON.m,
					SBJsonBase.h,
					SBJsonBase.m,
					SBJsonParser.h,
					SBJsonParser.m,
					SBJsonWriter.h,
					SBJsonWriter.m,
					"NSObject+SBJSON.h",
					"NSObject+SBJSON.m",
					"NSString+SBJSON.h",
					"NSString+SBJSON.m",
				);
				GCC_C_LANGUAGE_STANDARD = gnu99;
				GCC_VERSION = com.apple.compilers.llvm.clang.1_0;
				GCC_WARN_ABOUT_MISSING_PROTOTYPES = YES;
				GCC_WARN_ABOUT_RETURN_TYPE = YES;
				GCC_WARN_UNUSED_VARIABLE = YES;
				HEADER_SEARCH_PATHS = (
					Frameworks/objectiveflickr/LFWebAPIKit,
					Frameworks/objectiveflickr/Source,
				);
				IPHONEOS_DEPLOYMENT_TARGET = 5.0;
				OTHER_CFLAGS = "-DNS_BLOCK_ASSERTIONS=1";
				SDKROOT = iphoneos;
				TARGETED_DEVICE_FAMILY = "1,2";
				VALIDATE_PRODUCT = YES;
			};
			name = Release;
		};
		376E15661494C47800A34E7D /* Debug */ = {
			isa = XCBuildConfiguration;
			buildSettings = {
				FRAMEWORK_SEARCH_PATHS = (
					"$(inherited)",
					"\"$(SRCROOT)\"",
					"\"$(SRCROOT)/Frameworks\"",
				);
				GCC_PRECOMPILE_PREFIX_HEADER = YES;
				GCC_PREFIX_HEADER = "tottepost/tottepost-Prefix.pch";
				HEADER_SEARCH_PATHS = (
					Frameworks/objectiveflickr/LFWebAPIKit,
					Frameworks/objectiveflickr/Source,
				);
				INFOPLIST_FILE = "tottepost/tottepost-Info.plist";
				PRODUCT_NAME = "$(TARGET_NAME)";
				WRAPPER_EXTENSION = app;
			};
			name = Debug;
		};
		376E15671494C47800A34E7D /* Release */ = {
			isa = XCBuildConfiguration;
			buildSettings = {
				FRAMEWORK_SEARCH_PATHS = (
					"$(inherited)",
					"\"$(SRCROOT)\"",
					"\"$(SRCROOT)/Frameworks\"",
				);
				GCC_PRECOMPILE_PREFIX_HEADER = YES;
				GCC_PREFIX_HEADER = "tottepost/tottepost-Prefix.pch";
				HEADER_SEARCH_PATHS = (
					Frameworks/objectiveflickr/LFWebAPIKit,
					Frameworks/objectiveflickr/Source,
				);
				INFOPLIST_FILE = "tottepost/tottepost-Info.plist";
				PRODUCT_NAME = "$(TARGET_NAME)";
				WRAPPER_EXTENSION = app;
			};
			name = Release;
		};
		376E15691494C47800A34E7D /* Debug */ = {
			isa = XCBuildConfiguration;
			buildSettings = {
				BUNDLE_LOADER = "$(BUILT_PRODUCTS_DIR)/tottepost.app/tottepost";
				FRAMEWORK_SEARCH_PATHS = (
					"$(SDKROOT)/Developer/Library/Frameworks",
					"$(DEVELOPER_LIBRARY_DIR)/Frameworks",
				);
				GCC_PRECOMPILE_PREFIX_HEADER = YES;
				GCC_PREFIX_HEADER = "tottepost/tottepost-Prefix.pch";
				INFOPLIST_FILE = "tottepostTests/tottepostTests-Info.plist";
				PRODUCT_NAME = "$(TARGET_NAME)";
				TEST_HOST = "$(BUNDLE_LOADER)";
				WRAPPER_EXTENSION = octest;
			};
			name = Debug;
		};
		376E156A1494C47800A34E7D /* Release */ = {
			isa = XCBuildConfiguration;
			buildSettings = {
				BUNDLE_LOADER = "$(BUILT_PRODUCTS_DIR)/tottepost.app/tottepost";
				FRAMEWORK_SEARCH_PATHS = (
					"$(SDKROOT)/Developer/Library/Frameworks",
					"$(DEVELOPER_LIBRARY_DIR)/Frameworks",
				);
				GCC_PRECOMPILE_PREFIX_HEADER = YES;
				GCC_PREFIX_HEADER = "tottepost/tottepost-Prefix.pch";
				INFOPLIST_FILE = "tottepostTests/tottepostTests-Info.plist";
				PRODUCT_NAME = "$(TARGET_NAME)";
				TEST_HOST = "$(BUNDLE_LOADER)";
				WRAPPER_EXTENSION = octest;
			};
			name = Release;
		};
/* End XCBuildConfiguration section */

/* Begin XCConfigurationList section */
		376E15321494C47800A34E7D /* Build configuration list for PBXProject "tottepost" */ = {
			isa = XCConfigurationList;
			buildConfigurations = (
				376E15631494C47800A34E7D /* Debug */,
				376E15641494C47800A34E7D /* Release */,
			);
			defaultConfigurationIsVisible = 0;
			defaultConfigurationName = Release;
		};
		376E15651494C47800A34E7D /* Build configuration list for PBXNativeTarget "tottepost" */ = {
			isa = XCConfigurationList;
			buildConfigurations = (
				376E15661494C47800A34E7D /* Debug */,
				376E15671494C47800A34E7D /* Release */,
			);
			defaultConfigurationIsVisible = 0;
			defaultConfigurationName = Release;
		};
		376E15681494C47800A34E7D /* Build configuration list for PBXNativeTarget "tottepostTests" */ = {
			isa = XCConfigurationList;
			buildConfigurations = (
				376E15691494C47800A34E7D /* Debug */,
				376E156A1494C47800A34E7D /* Release */,
			);
			defaultConfigurationIsVisible = 0;
			defaultConfigurationName = Release;
		};
/* End XCConfigurationList section */
	};
	rootObject = 376E152F1494C47800A34E7D /* Project object */;
}
