// !$*UTF8*$!
{
	archiveVersion = 1;
	classes = {
	};
	objectVersion = 46;
	objects = {

/* Begin PBXBuildFile section */
		376E153D1494C47800A34E7D /* UIKit.framework in Frameworks */ = {isa = PBXBuildFile; fileRef = 376E153C1494C47800A34E7D /* UIKit.framework */; };
		376E153F1494C47800A34E7D /* Foundation.framework in Frameworks */ = {isa = PBXBuildFile; fileRef = 376E153E1494C47800A34E7D /* Foundation.framework */; };
		376E15411494C47800A34E7D /* CoreGraphics.framework in Frameworks */ = {isa = PBXBuildFile; fileRef = 376E15401494C47800A34E7D /* CoreGraphics.framework */; };
		376E15471494C47800A34E7D /* InfoPlist.strings in Resources */ = {isa = PBXBuildFile; fileRef = 376E15451494C47800A34E7D /* InfoPlist.strings */; };
		376E15491494C47800A34E7D /* main.m in Sources */ = {isa = PBXBuildFile; fileRef = 376E15481494C47800A34E7D /* main.m */; };
		376E154D1494C47800A34E7D /* AppDelegate.m in Sources */ = {isa = PBXBuildFile; fileRef = 376E154C1494C47800A34E7D /* AppDelegate.m */; };
		376E15551494C47800A34E7D /* SenTestingKit.framework in Frameworks */ = {isa = PBXBuildFile; fileRef = 376E15541494C47800A34E7D /* SenTestingKit.framework */; };
		376E15561494C47800A34E7D /* UIKit.framework in Frameworks */ = {isa = PBXBuildFile; fileRef = 376E153C1494C47800A34E7D /* UIKit.framework */; };
		376E15571494C47800A34E7D /* Foundation.framework in Frameworks */ = {isa = PBXBuildFile; fileRef = 376E153E1494C47800A34E7D /* Foundation.framework */; };
		376E155F1494C47800A34E7D /* InfoPlist.strings in Resources */ = {isa = PBXBuildFile; fileRef = 376E155D1494C47800A34E7D /* InfoPlist.strings */; };
		376E15621494C47800A34E7D /* tottepostTests.m in Sources */ = {isa = PBXBuildFile; fileRef = 376E15611494C47800A34E7D /* tottepostTests.m */; };
		37FB64D71496237500387490 /* SettingTableViewController.m in Sources */ = {isa = PBXBuildFile; fileRef = 37FB64D61496237500387490 /* SettingTableViewController.m */; };
		37FB64DD1496238600387490 /* MainView.m in Sources */ = {isa = PBXBuildFile; fileRef = 37FB64DA1496238600387490 /* MainView.m */; };
		37FB64DE1496238600387490 /* MainViewController.m in Sources */ = {isa = PBXBuildFile; fileRef = 37FB64DC1496238600387490 /* MainViewController.m */; };
		37FB64E01496239700387490 /* setting.png in Resources */ = {isa = PBXBuildFile; fileRef = 37FB64DF1496239700387490 /* setting.png */; };
		37FB64E314962B8D00387490 /* facebook_32.png in Resources */ = {isa = PBXBuildFile; fileRef = 37FB64E114962B8D00387490 /* facebook_32.png */; };
		37FB64E414962B8D00387490 /* flickr_32.png in Resources */ = {isa = PBXBuildFile; fileRef = 37FB64E214962B8D00387490 /* flickr_32.png */; };
		37FB64E614962B9400387490 /* twitter_32.png in Resources */ = {isa = PBXBuildFile; fileRef = 37FB64E514962B9400387490 /* twitter_32.png */; };
		37FB64E91496384800387490 /* FacebookSettingViewController.m in Sources */ = {isa = PBXBuildFile; fileRef = 37FB64E81496384800387490 /* FacebookSettingViewController.m */; };
		37FB654C1497313500387490 /* FacebookPhotoSubmitter.m in Sources */ = {isa = PBXBuildFile; fileRef = 37FB65481497313500387490 /* FacebookPhotoSubmitter.m */; };
		37FB654D1497313500387490 /* PhotoSubmitter.m in Sources */ = {isa = PBXBuildFile; fileRef = 37FB654A1497313500387490 /* PhotoSubmitter.m */; };
		37FB655914976ADD00387490 /* FBRequest+UploadProgress.m in Sources */ = {isa = PBXBuildFile; fileRef = 37FB655814976ADD00387490 /* FBRequest+UploadProgress.m */; };
		37FB65631497AAD300387490 /* ProgressTableViewController.m in Sources */ = {isa = PBXBuildFile; fileRef = 37FB65621497AAD300387490 /* ProgressTableViewController.m */; };
		37FB65751498C88500387490 /* libObjectiveFlickr.a in Frameworks */ = {isa = PBXBuildFile; fileRef = 37FB65741498C6B300387490 /* libObjectiveFlickr.a */; };
		37FB65781498C8A200387490 /* CFNetwork.framework in Frameworks */ = {isa = PBXBuildFile; fileRef = 37FB65771498C8A100387490 /* CFNetwork.framework */; };
		37FB657F1498CF0200387490 /* FlickrPhotoSubmitter.m in Sources */ = {isa = PBXBuildFile; fileRef = 37FB657E1498CF0200387490 /* FlickrPhotoSubmitter.m */; };
		37FB658A149C4E6D00387490 /* NSData+Digest.m in Sources */ = {isa = PBXBuildFile; fileRef = 37FB6587149C4E6D00387490 /* NSData+Digest.m */; };
		37FB658B149C4E6D00387490 /* UIImage+Digest.m in Sources */ = {isa = PBXBuildFile; fileRef = 37FB6589149C4E6D00387490 /* UIImage+Digest.m */; };
		37FB6599149C4F2A00387490 /* Facebook.m in Sources */ = {isa = PBXBuildFile; fileRef = 37FB6590149C4F2A00387490 /* Facebook.m */; settings = {COMPILER_FLAGS = "-fno-objc-arc"; }; };
		37FB659A149C4F2A00387490 /* FBDialog.bundle in Resources */ = {isa = PBXBuildFile; fileRef = 37FB6592149C4F2A00387490 /* FBDialog.bundle */; };
		37FB659B149C4F2A00387490 /* FBDialog.m in Sources */ = {isa = PBXBuildFile; fileRef = 37FB6594149C4F2A00387490 /* FBDialog.m */; settings = {COMPILER_FLAGS = "-fno-objc-arc"; }; };
		37FB659C149C4F2A00387490 /* FBLoginDialog.m in Sources */ = {isa = PBXBuildFile; fileRef = 37FB6596149C4F2A00387490 /* FBLoginDialog.m */; settings = {COMPILER_FLAGS = "-fno-objc-arc"; }; };
		37FB659D149C4F2A00387490 /* FBRequest.m in Sources */ = {isa = PBXBuildFile; fileRef = 37FB6598149C4F2A00387490 /* FBRequest.m */; settings = {COMPILER_FLAGS = "-fno-objc-arc"; }; };
		37FB65A1149C4F5300387490 /* RegexKitLite.m in Sources */ = {isa = PBXBuildFile; fileRef = 37FB65A0149C4F5300387490 /* RegexKitLite.m */; settings = {COMPILER_FLAGS = "-fno-objc-arc"; }; };
		37FB65AF149C4F6800387490 /* NSObject+SBJSON.m in Sources */ = {isa = PBXBuildFile; fileRef = 37FB65A4149C4F6800387490 /* NSObject+SBJSON.m */; settings = {COMPILER_FLAGS = "-fno-objc-arc"; }; };
		37FB65B0149C4F6800387490 /* NSString+SBJSON.m in Sources */ = {isa = PBXBuildFile; fileRef = 37FB65A6149C4F6800387490 /* NSString+SBJSON.m */; settings = {COMPILER_FLAGS = "-fno-objc-arc"; }; };
		37FB65B1149C4F6800387490 /* SBJSON.m in Sources */ = {isa = PBXBuildFile; fileRef = 37FB65A8149C4F6800387490 /* SBJSON.m */; settings = {COMPILER_FLAGS = "-fno-objc-arc"; }; };
		37FB65B2149C4F6800387490 /* SBJsonBase.m in Sources */ = {isa = PBXBuildFile; fileRef = 37FB65AA149C4F6800387490 /* SBJsonBase.m */; settings = {COMPILER_FLAGS = "-fno-objc-arc"; }; };
		37FB65B3149C4F6800387490 /* SBJsonParser.m in Sources */ = {isa = PBXBuildFile; fileRef = 37FB65AC149C4F6800387490 /* SBJsonParser.m */; settings = {COMPILER_FLAGS = "-fno-objc-arc"; }; };
		37FB65B4149C4F6800387490 /* SBJsonWriter.m in Sources */ = {isa = PBXBuildFile; fileRef = 37FB65AE149C4F6800387490 /* SBJsonWriter.m */; settings = {COMPILER_FLAGS = "-fno-objc-arc"; }; };
		37FB65B6149C512A00387490 /* libicucore.dylib in Frameworks */ = {isa = PBXBuildFile; fileRef = 37FB65B5149C512A00387490 /* libicucore.dylib */; };
/* End PBXBuildFile section */

/* Begin PBXContainerItemProxy section */
		376E15581494C47800A34E7D /* PBXContainerItemProxy */ = {
			isa = PBXContainerItemProxy;
			containerPortal = 376E152F1494C47800A34E7D /* Project object */;
			proxyType = 1;
			remoteGlobalIDString = 376E15371494C47800A34E7D;
			remoteInfo = tottepost;
		};
		37FB65711498C6B300387490 /* PBXContainerItemProxy */ = {
			isa = PBXContainerItemProxy;
			containerPortal = 37FB65681498C6B200387490 /* ObjectiveFlickr.xcodeproj */;
			proxyType = 2;
			remoteGlobalIDString = 6A8666490F9593B200325E1C;
			remoteInfo = "ObjectiveFlickr (framework)";
		};
		37FB65731498C6B300387490 /* PBXContainerItemProxy */ = {
			isa = PBXContainerItemProxy;
			containerPortal = 37FB65681498C6B200387490 /* ObjectiveFlickr.xcodeproj */;
			proxyType = 2;
			remoteGlobalIDString = 6ABF72E60F939BE600B9179E;
			remoteInfo = "ObjectiveFlickr (library)";
		};
/* End PBXContainerItemProxy section */

/* Begin PBXFileReference section */
		376E15381494C47800A34E7D /* tottepost.app */ = {isa = PBXFileReference; explicitFileType = wrapper.application; includeInIndex = 0; path = tottepost.app; sourceTree = BUILT_PRODUCTS_DIR; };
		376E153C1494C47800A34E7D /* UIKit.framework */ = {isa = PBXFileReference; lastKnownFileType = wrapper.framework; name = UIKit.framework; path = System/Library/Frameworks/UIKit.framework; sourceTree = SDKROOT; };
		376E153E1494C47800A34E7D /* Foundation.framework */ = {isa = PBXFileReference; lastKnownFileType = wrapper.framework; name = Foundation.framework; path = System/Library/Frameworks/Foundation.framework; sourceTree = SDKROOT; };
		376E15401494C47800A34E7D /* CoreGraphics.framework */ = {isa = PBXFileReference; lastKnownFileType = wrapper.framework; name = CoreGraphics.framework; path = System/Library/Frameworks/CoreGraphics.framework; sourceTree = SDKROOT; };
		376E15441494C47800A34E7D /* tottepost-Info.plist */ = {isa = PBXFileReference; lastKnownFileType = text.plist.xml; path = "tottepost-Info.plist"; sourceTree = "<group>"; };
		376E15461494C47800A34E7D /* en */ = {isa = PBXFileReference; lastKnownFileType = text.plist.strings; name = en; path = en.lproj/InfoPlist.strings; sourceTree = "<group>"; };
		376E15481494C47800A34E7D /* main.m */ = {isa = PBXFileReference; lastKnownFileType = sourcecode.c.objc; path = main.m; sourceTree = "<group>"; };
		376E154A1494C47800A34E7D /* tottepost-Prefix.pch */ = {isa = PBXFileReference; lastKnownFileType = sourcecode.c.h; path = "tottepost-Prefix.pch"; sourceTree = "<group>"; };
		376E154B1494C47800A34E7D /* AppDelegate.h */ = {isa = PBXFileReference; lastKnownFileType = sourcecode.c.h; path = AppDelegate.h; sourceTree = "<group>"; };
		376E154C1494C47800A34E7D /* AppDelegate.m */ = {isa = PBXFileReference; lastKnownFileType = sourcecode.c.objc; path = AppDelegate.m; sourceTree = "<group>"; };
		376E15531494C47800A34E7D /* tottepostTests.octest */ = {isa = PBXFileReference; explicitFileType = wrapper.cfbundle; includeInIndex = 0; path = tottepostTests.octest; sourceTree = BUILT_PRODUCTS_DIR; };
		376E15541494C47800A34E7D /* SenTestingKit.framework */ = {isa = PBXFileReference; lastKnownFileType = wrapper.framework; name = SenTestingKit.framework; path = Library/Frameworks/SenTestingKit.framework; sourceTree = DEVELOPER_DIR; };
		376E155C1494C47800A34E7D /* tottepostTests-Info.plist */ = {isa = PBXFileReference; lastKnownFileType = text.plist.xml; path = "tottepostTests-Info.plist"; sourceTree = "<group>"; };
		376E155E1494C47800A34E7D /* en */ = {isa = PBXFileReference; lastKnownFileType = text.plist.strings; name = en; path = en.lproj/InfoPlist.strings; sourceTree = "<group>"; };
		376E15601494C47800A34E7D /* tottepostTests.h */ = {isa = PBXFileReference; lastKnownFileType = sourcecode.c.h; path = tottepostTests.h; sourceTree = "<group>"; };
		376E15611494C47800A34E7D /* tottepostTests.m */ = {isa = PBXFileReference; lastKnownFileType = sourcecode.c.objc; path = tottepostTests.m; sourceTree = "<group>"; };
		37FB64D51496237500387490 /* SettingTableViewController.h */ = {isa = PBXFileReference; fileEncoding = 4; lastKnownFileType = sourcecode.c.h; path = SettingTableViewController.h; sourceTree = "<group>"; };
		37FB64D61496237500387490 /* SettingTableViewController.m */ = {isa = PBXFileReference; fileEncoding = 4; lastKnownFileType = sourcecode.c.objc; path = SettingTableViewController.m; sourceTree = "<group>"; };
		37FB64D91496238600387490 /* MainView.h */ = {isa = PBXFileReference; fileEncoding = 4; lastKnownFileType = sourcecode.c.h; path = MainView.h; sourceTree = "<group>"; };
		37FB64DA1496238600387490 /* MainView.m */ = {isa = PBXFileReference; fileEncoding = 4; lastKnownFileType = sourcecode.c.objc; path = MainView.m; sourceTree = "<group>"; };
		37FB64DB1496238600387490 /* MainViewController.h */ = {isa = PBXFileReference; fileEncoding = 4; lastKnownFileType = sourcecode.c.h; path = MainViewController.h; sourceTree = "<group>"; };
		37FB64DC1496238600387490 /* MainViewController.m */ = {isa = PBXFileReference; fileEncoding = 4; lastKnownFileType = sourcecode.c.objc; path = MainViewController.m; sourceTree = "<group>"; };
		37FB64DF1496239700387490 /* setting.png */ = {isa = PBXFileReference; lastKnownFileType = image.png; name = setting.png; path = Resources/images/setting.png; sourceTree = "<group>"; };
		37FB64E114962B8D00387490 /* facebook_32.png */ = {isa = PBXFileReference; lastKnownFileType = image.png; name = facebook_32.png; path = Resources/images/facebook_32.png; sourceTree = "<group>"; };
		37FB64E214962B8D00387490 /* flickr_32.png */ = {isa = PBXFileReference; lastKnownFileType = image.png; name = flickr_32.png; path = Resources/images/flickr_32.png; sourceTree = "<group>"; };
		37FB64E514962B9400387490 /* twitter_32.png */ = {isa = PBXFileReference; lastKnownFileType = image.png; name = twitter_32.png; path = Resources/images/twitter_32.png; sourceTree = "<group>"; };
		37FB64E71496384800387490 /* FacebookSettingViewController.h */ = {isa = PBXFileReference; fileEncoding = 4; lastKnownFileType = sourcecode.c.h; path = FacebookSettingViewController.h; sourceTree = "<group>"; };
		37FB64E81496384800387490 /* FacebookSettingViewController.m */ = {isa = PBXFileReference; fileEncoding = 4; lastKnownFileType = sourcecode.c.objc; path = FacebookSettingViewController.m; sourceTree = "<group>"; };
		37FB65471497313500387490 /* FacebookPhotoSubmitter.h */ = {isa = PBXFileReference; fileEncoding = 4; lastKnownFileType = sourcecode.c.h; name = FacebookPhotoSubmitter.h; path = PhotoSubmitter/FacebookPhotoSubmitter.h; sourceTree = "<group>"; };
		37FB65481497313500387490 /* FacebookPhotoSubmitter.m */ = {isa = PBXFileReference; fileEncoding = 4; lastKnownFileType = sourcecode.c.objc; name = FacebookPhotoSubmitter.m; path = PhotoSubmitter/FacebookPhotoSubmitter.m; sourceTree = "<group>"; };
		37FB65491497313500387490 /* PhotoSubmitter.h */ = {isa = PBXFileReference; fileEncoding = 4; lastKnownFileType = sourcecode.c.h; name = PhotoSubmitter.h; path = PhotoSubmitter/PhotoSubmitter.h; sourceTree = "<group>"; };
		37FB654A1497313500387490 /* PhotoSubmitter.m */ = {isa = PBXFileReference; fileEncoding = 4; lastKnownFileType = sourcecode.c.objc; name = PhotoSubmitter.m; path = PhotoSubmitter/PhotoSubmitter.m; sourceTree = "<group>"; };
		37FB654B1497313500387490 /* PhotoSubmitterProtocol.h */ = {isa = PBXFileReference; fileEncoding = 4; lastKnownFileType = sourcecode.c.h; name = PhotoSubmitterProtocol.h; path = PhotoSubmitter/PhotoSubmitterProtocol.h; sourceTree = "<group>"; };
		37FB655714976ADD00387490 /* FBRequest+UploadProgress.h */ = {isa = PBXFileReference; fileEncoding = 4; lastKnownFileType = sourcecode.c.h; name = "FBRequest+UploadProgress.h"; path = "PhotoSubmitter/FBRequest+UploadProgress.h"; sourceTree = "<group>"; };
		37FB655814976ADD00387490 /* FBRequest+UploadProgress.m */ = {isa = PBXFileReference; fileEncoding = 4; lastKnownFileType = sourcecode.c.objc; name = "FBRequest+UploadProgress.m"; path = "PhotoSubmitter/FBRequest+UploadProgress.m"; sourceTree = "<group>"; };
		37FB65611497AAD300387490 /* ProgressTableViewController.h */ = {isa = PBXFileReference; fileEncoding = 4; lastKnownFileType = sourcecode.c.h; path = ProgressTableViewController.h; sourceTree = "<group>"; };
		37FB65621497AAD300387490 /* ProgressTableViewController.m */ = {isa = PBXFileReference; fileEncoding = 4; lastKnownFileType = sourcecode.c.objc; path = ProgressTableViewController.m; sourceTree = "<group>"; };
		37FB65681498C6B200387490 /* ObjectiveFlickr.xcodeproj */ = {isa = PBXFileReference; lastKnownFileType = "wrapper.pb-project"; name = ObjectiveFlickr.xcodeproj; path = objectiveflickr/ObjectiveFlickr.xcodeproj; sourceTree = "<group>"; };
		37FB65771498C8A100387490 /* CFNetwork.framework */ = {isa = PBXFileReference; lastKnownFileType = wrapper.framework; name = CFNetwork.framework; path = System/Library/Frameworks/CFNetwork.framework; sourceTree = SDKROOT; };
		37FB657D1498CF0100387490 /* FlickrPhotoSubmitter.h */ = {isa = PBXFileReference; fileEncoding = 4; lastKnownFileType = sourcecode.c.h; name = FlickrPhotoSubmitter.h; path = PhotoSubmitter/FlickrPhotoSubmitter.h; sourceTree = "<group>"; };
		37FB657E1498CF0200387490 /* FlickrPhotoSubmitter.m */ = {isa = PBXFileReference; fileEncoding = 4; lastKnownFileType = sourcecode.c.objc; name = FlickrPhotoSubmitter.m; path = PhotoSubmitter/FlickrPhotoSubmitter.m; sourceTree = "<group>"; };
		37FB65841498D51800387490 /* PhotoSubmitterAPIKey.h */ = {isa = PBXFileReference; fileEncoding = 4; lastKnownFileType = sourcecode.c.h; name = PhotoSubmitterAPIKey.h; path = PhotoSubmitter/PhotoSubmitterAPIKey.h; sourceTree = "<group>"; };
		37FB6586149C4E6D00387490 /* NSData+Digest.h */ = {isa = PBXFileReference; fileEncoding = 4; lastKnownFileType = sourcecode.c.h; name = "NSData+Digest.h"; path = "Util/NSData+Digest.h"; sourceTree = "<group>"; };
		37FB6587149C4E6D00387490 /* NSData+Digest.m */ = {isa = PBXFileReference; fileEncoding = 4; lastKnownFileType = sourcecode.c.objc; name = "NSData+Digest.m"; path = "Util/NSData+Digest.m"; sourceTree = "<group>"; };
		37FB6588149C4E6D00387490 /* UIImage+Digest.h */ = {isa = PBXFileReference; fileEncoding = 4; lastKnownFileType = sourcecode.c.h; name = "UIImage+Digest.h"; path = "Util/UIImage+Digest.h"; sourceTree = "<group>"; };
		37FB6589149C4E6D00387490 /* UIImage+Digest.m */ = {isa = PBXFileReference; fileEncoding = 4; lastKnownFileType = sourcecode.c.objc; name = "UIImage+Digest.m"; path = "Util/UIImage+Digest.m"; sourceTree = "<group>"; };
		37FB658F149C4F2A00387490 /* Facebook.h */ = {isa = PBXFileReference; fileEncoding = 4; lastKnownFileType = sourcecode.c.h; name = Facebook.h; path = tottepost/Libraries/FBConnect/Facebook.h; sourceTree = SOURCE_ROOT; };
		37FB6590149C4F2A00387490 /* Facebook.m */ = {isa = PBXFileReference; fileEncoding = 4; lastKnownFileType = sourcecode.c.objc; name = Facebook.m; path = tottepost/Libraries/FBConnect/Facebook.m; sourceTree = SOURCE_ROOT; };
		37FB6591149C4F2A00387490 /* FBConnect.h */ = {isa = PBXFileReference; fileEncoding = 4; lastKnownFileType = sourcecode.c.h; name = FBConnect.h; path = tottepost/Libraries/FBConnect/FBConnect.h; sourceTree = SOURCE_ROOT; };
		37FB6592149C4F2A00387490 /* FBDialog.bundle */ = {isa = PBXFileReference; lastKnownFileType = "wrapper.plug-in"; name = FBDialog.bundle; path = tottepost/Libraries/FBConnect/FBDialog.bundle; sourceTree = SOURCE_ROOT; };
		37FB6593149C4F2A00387490 /* FBDialog.h */ = {isa = PBXFileReference; fileEncoding = 4; lastKnownFileType = sourcecode.c.h; name = FBDialog.h; path = tottepost/Libraries/FBConnect/FBDialog.h; sourceTree = SOURCE_ROOT; };
		37FB6594149C4F2A00387490 /* FBDialog.m */ = {isa = PBXFileReference; fileEncoding = 4; lastKnownFileType = sourcecode.c.objc; name = FBDialog.m; path = tottepost/Libraries/FBConnect/FBDialog.m; sourceTree = SOURCE_ROOT; };
		37FB6595149C4F2A00387490 /* FBLoginDialog.h */ = {isa = PBXFileReference; fileEncoding = 4; lastKnownFileType = sourcecode.c.h; name = FBLoginDialog.h; path = tottepost/Libraries/FBConnect/FBLoginDialog.h; sourceTree = SOURCE_ROOT; };
		37FB6596149C4F2A00387490 /* FBLoginDialog.m */ = {isa = PBXFileReference; fileEncoding = 4; lastKnownFileType = sourcecode.c.objc; name = FBLoginDialog.m; path = tottepost/Libraries/FBConnect/FBLoginDialog.m; sourceTree = SOURCE_ROOT; };
		37FB6597149C4F2A00387490 /* FBRequest.h */ = {isa = PBXFileReference; fileEncoding = 4; lastKnownFileType = sourcecode.c.h; name = FBRequest.h; path = tottepost/Libraries/FBConnect/FBRequest.h; sourceTree = SOURCE_ROOT; };
		37FB6598149C4F2A00387490 /* FBRequest.m */ = {isa = PBXFileReference; fileEncoding = 4; lastKnownFileType = sourcecode.c.objc; name = FBRequest.m; path = tottepost/Libraries/FBConnect/FBRequest.m; sourceTree = SOURCE_ROOT; };
		37FB659F149C4F5300387490 /* RegexKitLite.h */ = {isa = PBXFileReference; fileEncoding = 4; lastKnownFileType = sourcecode.c.h; name = RegexKitLite.h; path = Libraries/RegexKitLite/RegexKitLite.h; sourceTree = "<group>"; };
		37FB65A0149C4F5300387490 /* RegexKitLite.m */ = {isa = PBXFileReference; fileEncoding = 4; lastKnownFileType = sourcecode.c.objc; name = RegexKitLite.m; path = Libraries/RegexKitLite/RegexKitLite.m; sourceTree = "<group>"; };
		37FB65A2149C4F6800387490 /* JSON.h */ = {isa = PBXFileReference; fileEncoding = 4; lastKnownFileType = sourcecode.c.h; name = JSON.h; path = tottepost/Libraries/JSON/JSON.h; sourceTree = SOURCE_ROOT; };
		37FB65A3149C4F6800387490 /* NSObject+SBJSON.h */ = {isa = PBXFileReference; fileEncoding = 4; lastKnownFileType = sourcecode.c.h; name = "NSObject+SBJSON.h"; path = "tottepost/Libraries/JSON/NSObject+SBJSON.h"; sourceTree = SOURCE_ROOT; };
		37FB65A4149C4F6800387490 /* NSObject+SBJSON.m */ = {isa = PBXFileReference; fileEncoding = 4; lastKnownFileType = sourcecode.c.objc; name = "NSObject+SBJSON.m"; path = "tottepost/Libraries/JSON/NSObject+SBJSON.m"; sourceTree = SOURCE_ROOT; };
		37FB65A5149C4F6800387490 /* NSString+SBJSON.h */ = {isa = PBXFileReference; fileEncoding = 4; lastKnownFileType = sourcecode.c.h; name = "NSString+SBJSON.h"; path = "tottepost/Libraries/JSON/NSString+SBJSON.h"; sourceTree = SOURCE_ROOT; };
		37FB65A6149C4F6800387490 /* NSString+SBJSON.m */ = {isa = PBXFileReference; fileEncoding = 4; lastKnownFileType = sourcecode.c.objc; name = "NSString+SBJSON.m"; path = "tottepost/Libraries/JSON/NSString+SBJSON.m"; sourceTree = SOURCE_ROOT; };
		37FB65A7149C4F6800387490 /* SBJSON.h */ = {isa = PBXFileReference; fileEncoding = 4; lastKnownFileType = sourcecode.c.h; name = SBJSON.h; path = tottepost/Libraries/JSON/SBJSON.h; sourceTree = SOURCE_ROOT; };
		37FB65A8149C4F6800387490 /* SBJSON.m */ = {isa = PBXFileReference; fileEncoding = 4; lastKnownFileType = sourcecode.c.objc; name = SBJSON.m; path = tottepost/Libraries/JSON/SBJSON.m; sourceTree = SOURCE_ROOT; };
		37FB65A9149C4F6800387490 /* SBJsonBase.h */ = {isa = PBXFileReference; fileEncoding = 4; lastKnownFileType = sourcecode.c.h; name = SBJsonBase.h; path = tottepost/Libraries/JSON/SBJsonBase.h; sourceTree = SOURCE_ROOT; };
		37FB65AA149C4F6800387490 /* SBJsonBase.m */ = {isa = PBXFileReference; fileEncoding = 4; lastKnownFileType = sourcecode.c.objc; name = SBJsonBase.m; path = tottepost/Libraries/JSON/SBJsonBase.m; sourceTree = SOURCE_ROOT; };
		37FB65AB149C4F6800387490 /* SBJsonParser.h */ = {isa = PBXFileReference; fileEncoding = 4; lastKnownFileType = sourcecode.c.h; name = SBJsonParser.h; path = tottepost/Libraries/JSON/SBJsonParser.h; sourceTree = SOURCE_ROOT; };
		37FB65AC149C4F6800387490 /* SBJsonParser.m */ = {isa = PBXFileReference; fileEncoding = 4; lastKnownFileType = sourcecode.c.objc; name = SBJsonParser.m; path = tottepost/Libraries/JSON/SBJsonParser.m; sourceTree = SOURCE_ROOT; };
		37FB65AD149C4F6800387490 /* SBJsonWriter.h */ = {isa = PBXFileReference; fileEncoding = 4; lastKnownFileType = sourcecode.c.h; name = SBJsonWriter.h; path = tottepost/Libraries/JSON/SBJsonWriter.h; sourceTree = SOURCE_ROOT; };
		37FB65AE149C4F6800387490 /* SBJsonWriter.m */ = {isa = PBXFileReference; fileEncoding = 4; lastKnownFileType = sourcecode.c.objc; name = SBJsonWriter.m; path = tottepost/Libraries/JSON/SBJsonWriter.m; sourceTree = SOURCE_ROOT; };
		37FB65B5149C512A00387490 /* libicucore.dylib */ = {isa = PBXFileReference; lastKnownFileType = "compiled.mach-o.dylib"; name = libicucore.dylib; path = usr/lib/libicucore.dylib; sourceTree = SDKROOT; };
/* End PBXFileReference section */

/* Begin PBXFrameworksBuildPhase section */
		376E15351494C47800A34E7D /* Frameworks */ = {
			isa = PBXFrameworksBuildPhase;
			buildActionMask = 2147483647;
			files = (
				37FB65B6149C512A00387490 /* libicucore.dylib in Frameworks */,
				37FB65781498C8A200387490 /* CFNetwork.framework in Frameworks */,
				37FB65751498C88500387490 /* libObjectiveFlickr.a in Frameworks */,
				376E153D1494C47800A34E7D /* UIKit.framework in Frameworks */,
				376E153F1494C47800A34E7D /* Foundation.framework in Frameworks */,
				376E15411494C47800A34E7D /* CoreGraphics.framework in Frameworks */,
			);
			runOnlyForDeploymentPostprocessing = 0;
		};
		376E154F1494C47800A34E7D /* Frameworks */ = {
			isa = PBXFrameworksBuildPhase;
			buildActionMask = 2147483647;
			files = (
				376E15551494C47800A34E7D /* SenTestingKit.framework in Frameworks */,
				376E15561494C47800A34E7D /* UIKit.framework in Frameworks */,
				376E15571494C47800A34E7D /* Foundation.framework in Frameworks */,
			);
			runOnlyForDeploymentPostprocessing = 0;
		};
/* End PBXFrameworksBuildPhase section */

/* Begin PBXGroup section */
		3704D5AF1494CD5A00380D30 /* MainView */ = {
			isa = PBXGroup;
			children = (
				37FB64D91496238600387490 /* MainView.h */,
				37FB64DA1496238600387490 /* MainView.m */,
				37FB64DB1496238600387490 /* MainViewController.h */,
				37FB64DC1496238600387490 /* MainViewController.m */,
				37FB65611497AAD300387490 /* ProgressTableViewController.h */,
				37FB65621497AAD300387490 /* ProgressTableViewController.m */,
			);
			name = MainView;
			sourceTree = "<group>";
		};
		3704D5B01494CD7E00380D30 /* Settings */ = {
			isa = PBXGroup;
			children = (
				37FB64D51496237500387490 /* SettingTableViewController.h */,
				37FB64D61496237500387490 /* SettingTableViewController.m */,
				37FB64E71496384800387490 /* FacebookSettingViewController.h */,
				37FB64E81496384800387490 /* FacebookSettingViewController.m */,
			);
			name = Settings;
			sourceTree = "<group>";
		};
		3704D5B41494DAD000380D30 /* Resources */ = {
			isa = PBXGroup;
			children = (
				3704D5B51494DAE100380D30 /* images */,
			);
			name = Resources;
			sourceTree = "<group>";
		};
		3704D5B51494DAE100380D30 /* images */ = {
			isa = PBXGroup;
			children = (
				37FB64E514962B9400387490 /* twitter_32.png */,
				37FB64E114962B8D00387490 /* facebook_32.png */,
				37FB64E214962B8D00387490 /* flickr_32.png */,
				37FB64DF1496239700387490 /* setting.png */,
			);
			name = images;
			sourceTree = "<group>";
		};
		376E152D1494C47800A34E7D = {
			isa = PBXGroup;
			children = (
				37FB65B5149C512A00387490 /* libicucore.dylib */,
				376E15421494C47800A34E7D /* tottepost */,
				376E155A1494C47800A34E7D /* tottepostTests */,
				376E153B1494C47800A34E7D /* Frameworks */,
				376E15391494C47800A34E7D /* Products */,
				37FB65681498C6B200387490 /* ObjectiveFlickr.xcodeproj */,
			);
			sourceTree = "<group>";
		};
		376E15391494C47800A34E7D /* Products */ = {
			isa = PBXGroup;
			children = (
				376E15381494C47800A34E7D /* tottepost.app */,
				376E15531494C47800A34E7D /* tottepostTests.octest */,
			);
			name = Products;
			sourceTree = "<group>";
		};
		376E153B1494C47800A34E7D /* Frameworks */ = {
			isa = PBXGroup;
			children = (
				37FB65771498C8A100387490 /* CFNetwork.framework */,
				376E153C1494C47800A34E7D /* UIKit.framework */,
				376E153E1494C47800A34E7D /* Foundation.framework */,
				376E15401494C47800A34E7D /* CoreGraphics.framework */,
				376E15541494C47800A34E7D /* SenTestingKit.framework */,
			);
			name = Frameworks;
			sourceTree = "<group>";
		};
		376E15421494C47800A34E7D /* tottepost */ = {
			isa = PBXGroup;
			children = (
				37FB6585149C4D1500387490 /* Libraries */,
				37FB655A14978CA500387490 /* Util */,
				3704D5AF1494CD5A00380D30 /* MainView */,
				3704D5B01494CD7E00380D30 /* Settings */,
				37FB653F14970D9C00387490 /* PhotoSubmitter */,
				376E154B1494C47800A34E7D /* AppDelegate.h */,
				376E154C1494C47800A34E7D /* AppDelegate.m */,
				376E15431494C47800A34E7D /* Supporting Files */,
				3704D5B41494DAD000380D30 /* Resources */,
			);
			path = tottepost;
			sourceTree = "<group>";
		};
		376E15431494C47800A34E7D /* Supporting Files */ = {
			isa = PBXGroup;
			children = (
				376E15441494C47800A34E7D /* tottepost-Info.plist */,
				376E15451494C47800A34E7D /* InfoPlist.strings */,
				376E15481494C47800A34E7D /* main.m */,
				376E154A1494C47800A34E7D /* tottepost-Prefix.pch */,
			);
			name = "Supporting Files";
			sourceTree = "<group>";
		};
		376E155A1494C47800A34E7D /* tottepostTests */ = {
			isa = PBXGroup;
			children = (
				376E15601494C47800A34E7D /* tottepostTests.h */,
				376E15611494C47800A34E7D /* tottepostTests.m */,
				376E155B1494C47800A34E7D /* Supporting Files */,
			);
			path = tottepostTests;
			sourceTree = "<group>";
		};
		376E155B1494C47800A34E7D /* Supporting Files */ = {
			isa = PBXGroup;
			children = (
				376E155C1494C47800A34E7D /* tottepostTests-Info.plist */,
				376E155D1494C47800A34E7D /* InfoPlist.strings */,
			);
			name = "Supporting Files";
			sourceTree = "<group>";
		};
		37FB65121496415600387490 /* FBConnect */ = {
			isa = PBXGroup;
			children = (
				37FB658F149C4F2A00387490 /* Facebook.h */,
				37FB6590149C4F2A00387490 /* Facebook.m */,
				37FB6591149C4F2A00387490 /* FBConnect.h */,
				37FB6592149C4F2A00387490 /* FBDialog.bundle */,
				37FB6593149C4F2A00387490 /* FBDialog.h */,
				37FB6594149C4F2A00387490 /* FBDialog.m */,
				37FB6595149C4F2A00387490 /* FBLoginDialog.h */,
				37FB6596149C4F2A00387490 /* FBLoginDialog.m */,
				37FB6597149C4F2A00387490 /* FBRequest.h */,
				37FB6598149C4F2A00387490 /* FBRequest.m */,
			);
			path = FBConnect;
			sourceTree = "<group>";
		};
		37FB651D1496415700387490 /* JSON */ = {
			isa = PBXGroup;
			children = (
				37FB65A2149C4F6800387490 /* JSON.h */,
				37FB65A3149C4F6800387490 /* NSObject+SBJSON.h */,
				37FB65A4149C4F6800387490 /* NSObject+SBJSON.m */,
				37FB65A5149C4F6800387490 /* NSString+SBJSON.h */,
				37FB65A6149C4F6800387490 /* NSString+SBJSON.m */,
				37FB65A7149C4F6800387490 /* SBJSON.h */,
				37FB65A8149C4F6800387490 /* SBJSON.m */,
				37FB65A9149C4F6800387490 /* SBJsonBase.h */,
				37FB65AA149C4F6800387490 /* SBJsonBase.m */,
				37FB65AB149C4F6800387490 /* SBJsonParser.h */,
				37FB65AC149C4F6800387490 /* SBJsonParser.m */,
				37FB65AD149C4F6800387490 /* SBJsonWriter.h */,
				37FB65AE149C4F6800387490 /* SBJsonWriter.m */,
			);
			name = JSON;
			path = FBConnect/JSON;
			sourceTree = "<group>";
		};
		37FB653F14970D9C00387490 /* PhotoSubmitter */ = {
			isa = PBXGroup;
			children = (
				37FB65841498D51800387490 /* PhotoSubmitterAPIKey.h */,
				37FB654B1497313500387490 /* PhotoSubmitterProtocol.h */,
				37FB65491497313500387490 /* PhotoSubmitter.h */,
				37FB654A1497313500387490 /* PhotoSubmitter.m */,
				37FB65471497313500387490 /* FacebookPhotoSubmitter.h */,
				37FB65481497313500387490 /* FacebookPhotoSubmitter.m */,
				37FB657D1498CF0100387490 /* FlickrPhotoSubmitter.h */,
				37FB657E1498CF0200387490 /* FlickrPhotoSubmitter.m */,
			);
			name = PhotoSubmitter;
			sourceTree = "<group>";
		};
		37FB655A14978CA500387490 /* Util */ = {
			isa = PBXGroup;
			children = (
				37FB655714976ADD00387490 /* FBRequest+UploadProgress.h */,
				37FB655814976ADD00387490 /* FBRequest+UploadProgress.m */,
				37FB6586149C4E6D00387490 /* NSData+Digest.h */,
				37FB6587149C4E6D00387490 /* NSData+Digest.m */,
				37FB6588149C4E6D00387490 /* UIImage+Digest.h */,
				37FB6589149C4E6D00387490 /* UIImage+Digest.m */,
			);
			name = Util;
			sourceTree = "<group>";
		};
		37FB65691498C6B200387490 /* Products */ = {
			isa = PBXGroup;
			children = (
				37FB65721498C6B300387490 /* ObjectiveFlickr.framework */,
				37FB65741498C6B300387490 /* libObjectiveFlickr.a */,
			);
			name = Products;
			sourceTree = "<group>";
		};
		37FB6585149C4D1500387490 /* Libraries */ = {
			isa = PBXGroup;
			children = (
				37FB659E149C4F3200387490 /* RegexKitLite */,
				37FB651D1496415700387490 /* JSON */,
				37FB65121496415600387490 /* FBConnect */,
			);
			name = Libraries;
			sourceTree = "<group>";
		};
		37FB659E149C4F3200387490 /* RegexKitLite */ = {
			isa = PBXGroup;
			children = (
				37FB659F149C4F5300387490 /* RegexKitLite.h */,
				37FB65A0149C4F5300387490 /* RegexKitLite.m */,
			);
			name = RegexKitLite;
			sourceTree = "<group>";
		};
/* End PBXGroup section */

/* Begin PBXNativeTarget section */
		376E15371494C47800A34E7D /* tottepost */ = {
			isa = PBXNativeTarget;
			buildConfigurationList = 376E15651494C47800A34E7D /* Build configuration list for PBXNativeTarget "tottepost" */;
			buildPhases = (
				376E15341494C47800A34E7D /* Sources */,
				376E15351494C47800A34E7D /* Frameworks */,
				376E15361494C47800A34E7D /* Resources */,
			);
			buildRules = (
			);
			dependencies = (
			);
			name = tottepost;
			productName = tottepost;
			productReference = 376E15381494C47800A34E7D /* tottepost.app */;
			productType = "com.apple.product-type.application";
		};
		376E15521494C47800A34E7D /* tottepostTests */ = {
			isa = PBXNativeTarget;
			buildConfigurationList = 376E15681494C47800A34E7D /* Build configuration list for PBXNativeTarget "tottepostTests" */;
			buildPhases = (
				376E154E1494C47800A34E7D /* Sources */,
				376E154F1494C47800A34E7D /* Frameworks */,
				376E15501494C47800A34E7D /* Resources */,
				376E15511494C47800A34E7D /* ShellScript */,
			);
			buildRules = (
			);
			dependencies = (
				376E15591494C47800A34E7D /* PBXTargetDependency */,
			);
			name = tottepostTests;
			productName = tottepostTests;
			productReference = 376E15531494C47800A34E7D /* tottepostTests.octest */;
			productType = "com.apple.product-type.bundle";
		};
/* End PBXNativeTarget section */

/* Begin PBXProject section */
		376E152F1494C47800A34E7D /* Project object */ = {
			isa = PBXProject;
			attributes = {
				LastUpgradeCheck = 0420;
			};
			buildConfigurationList = 376E15321494C47800A34E7D /* Build configuration list for PBXProject "tottepost" */;
			compatibilityVersion = "Xcode 3.2";
			developmentRegion = English;
			hasScannedForEncodings = 0;
			knownRegions = (
				en,
			);
			mainGroup = 376E152D1494C47800A34E7D;
			productRefGroup = 376E15391494C47800A34E7D /* Products */;
			projectDirPath = "";
			projectReferences = (
				{
					ProductGroup = 37FB65691498C6B200387490 /* Products */;
					ProjectRef = 37FB65681498C6B200387490 /* ObjectiveFlickr.xcodeproj */;
				},
			);
			projectRoot = "";
			targets = (
				376E15371494C47800A34E7D /* tottepost */,
				376E15521494C47800A34E7D /* tottepostTests */,
			);
		};
/* End PBXProject section */

/* Begin PBXReferenceProxy section */
		37FB65721498C6B300387490 /* ObjectiveFlickr.framework */ = {
			isa = PBXReferenceProxy;
			fileType = wrapper.framework;
			path = ObjectiveFlickr.framework;
			remoteRef = 37FB65711498C6B300387490 /* PBXContainerItemProxy */;
			sourceTree = BUILT_PRODUCTS_DIR;
		};
		37FB65741498C6B300387490 /* libObjectiveFlickr.a */ = {
			isa = PBXReferenceProxy;
			fileType = archive.ar;
			path = libObjectiveFlickr.a;
			remoteRef = 37FB65731498C6B300387490 /* PBXContainerItemProxy */;
			sourceTree = BUILT_PRODUCTS_DIR;
		};
/* End PBXReferenceProxy section */

/* Begin PBXResourcesBuildPhase section */
		376E15361494C47800A34E7D /* Resources */ = {
			isa = PBXResourcesBuildPhase;
			buildActionMask = 2147483647;
			files = (
				376E15471494C47800A34E7D /* InfoPlist.strings in Resources */,
				37FB64E01496239700387490 /* setting.png in Resources */,
				37FB64E314962B8D00387490 /* facebook_32.png in Resources */,
				37FB64E414962B8D00387490 /* flickr_32.png in Resources */,
				37FB64E614962B9400387490 /* twitter_32.png in Resources */,
				37FB659A149C4F2A00387490 /* FBDialog.bundle in Resources */,
			);
			runOnlyForDeploymentPostprocessing = 0;
		};
		376E15501494C47800A34E7D /* Resources */ = {
			isa = PBXResourcesBuildPhase;
			buildActionMask = 2147483647;
			files = (
				376E155F1494C47800A34E7D /* InfoPlist.strings in Resources */,
			);
			runOnlyForDeploymentPostprocessing = 0;
		};
/* End PBXResourcesBuildPhase section */

/* Begin PBXShellScriptBuildPhase section */
		376E15511494C47800A34E7D /* ShellScript */ = {
			isa = PBXShellScriptBuildPhase;
			buildActionMask = 2147483647;
			files = (
			);
			inputPaths = (
			);
			outputPaths = (
			);
			runOnlyForDeploymentPostprocessing = 0;
			shellPath = /bin/sh;
			shellScript = "# Run the unit tests in this test bundle.\n\"${SYSTEM_DEVELOPER_DIR}/Tools/RunUnitTests\"\n";
		};
/* End PBXShellScriptBuildPhase section */

/* Begin PBXSourcesBuildPhase section */
		376E15341494C47800A34E7D /* Sources */ = {
			isa = PBXSourcesBuildPhase;
			buildActionMask = 2147483647;
			files = (
				376E15491494C47800A34E7D /* main.m in Sources */,
				376E154D1494C47800A34E7D /* AppDelegate.m in Sources */,
				37FB64D71496237500387490 /* SettingTableViewController.m in Sources */,
				37FB64DD1496238600387490 /* MainView.m in Sources */,
				37FB64DE1496238600387490 /* MainViewController.m in Sources */,
				37FB64E91496384800387490 /* FacebookSettingViewController.m in Sources */,
				37FB654C1497313500387490 /* FacebookPhotoSubmitter.m in Sources */,
				37FB654D1497313500387490 /* PhotoSubmitter.m in Sources */,
				37FB655914976ADD00387490 /* FBRequest+UploadProgress.m in Sources */,
				37FB65631497AAD300387490 /* ProgressTableViewController.m in Sources */,
				37FB657F1498CF0200387490 /* FlickrPhotoSubmitter.m in Sources */,
				37FB658A149C4E6D00387490 /* NSData+Digest.m in Sources */,
				37FB658B149C4E6D00387490 /* UIImage+Digest.m in Sources */,
				37FB6599149C4F2A00387490 /* Facebook.m in Sources */,
				37FB659B149C4F2A00387490 /* FBDialog.m in Sources */,
				37FB659C149C4F2A00387490 /* FBLoginDialog.m in Sources */,
				37FB659D149C4F2A00387490 /* FBRequest.m in Sources */,
				37FB65A1149C4F5300387490 /* RegexKitLite.m in Sources */,
				37FB65AF149C4F6800387490 /* NSObject+SBJSON.m in Sources */,
				37FB65B0149C4F6800387490 /* NSString+SBJSON.m in Sources */,
				37FB65B1149C4F6800387490 /* SBJSON.m in Sources */,
				37FB65B2149C4F6800387490 /* SBJsonBase.m in Sources */,
				37FB65B3149C4F6800387490 /* SBJsonParser.m in Sources */,
				37FB65B4149C4F6800387490 /* SBJsonWriter.m in Sources */,
			);
			runOnlyForDeploymentPostprocessing = 0;
		};
		376E154E1494C47800A34E7D /* Sources */ = {
			isa = PBXSourcesBuildPhase;
			buildActionMask = 2147483647;
			files = (
				376E15621494C47800A34E7D /* tottepostTests.m in Sources */,
			);
			runOnlyForDeploymentPostprocessing = 0;
		};
/* End PBXSourcesBuildPhase section */

/* Begin PBXTargetDependency section */
		376E15591494C47800A34E7D /* PBXTargetDependency */ = {
			isa = PBXTargetDependency;
			target = 376E15371494C47800A34E7D /* tottepost */;
			targetProxy = 376E15581494C47800A34E7D /* PBXContainerItemProxy */;
		};
/* End PBXTargetDependency section */

/* Begin PBXVariantGroup section */
		376E15451494C47800A34E7D /* InfoPlist.strings */ = {
			isa = PBXVariantGroup;
			children = (
				376E15461494C47800A34E7D /* en */,
			);
			name = InfoPlist.strings;
			sourceTree = "<group>";
		};
		376E155D1494C47800A34E7D /* InfoPlist.strings */ = {
			isa = PBXVariantGroup;
			children = (
				376E155E1494C47800A34E7D /* en */,
			);
			name = InfoPlist.strings;
			sourceTree = "<group>";
		};
/* End PBXVariantGroup section */

/* Begin XCBuildConfiguration section */
		376E15631494C47800A34E7D /* Debug */ = {
			isa = XCBuildConfiguration;
			buildSettings = {
				ALWAYS_SEARCH_USER_PATHS = NO;
				ARCHS = "$(ARCHS_STANDARD_32_BIT)";
				CLANG_ENABLE_OBJC_ARC = YES;
				"CODE_SIGN_IDENTITY[sdk=iphoneos*]" = "iPhone Developer";
				COPY_PHASE_STRIP = NO;
				GCC_C_LANGUAGE_STANDARD = gnu99;
				GCC_DYNAMIC_NO_PIC = NO;
				GCC_OPTIMIZATION_LEVEL = 0;
				GCC_PREPROCESSOR_DEFINITIONS = (
					"DEBUG=1",
					"$(inherited)",
				);
				GCC_SYMBOLS_PRIVATE_EXTERN = NO;
				GCC_VERSION = com.apple.compilers.llvm.clang.1_0;
				GCC_WARN_ABOUT_MISSING_PROTOTYPES = YES;
				GCC_WARN_ABOUT_RETURN_TYPE = YES;
				GCC_WARN_UNUSED_VARIABLE = YES;
				HEADER_SEARCH_PATHS = (
					objectiveflickr/LFWebAPIKit,
					objectiveflickr/Source,
				);
				IPHONEOS_DEPLOYMENT_TARGET = 5.0;
				SDKROOT = iphoneos;
				TARGETED_DEVICE_FAMILY = "1,2";
			};
			name = Debug;
		};
		376E15641494C47800A34E7D /* Release */ = {
			isa = XCBuildConfiguration;
			buildSettings = {
				ALWAYS_SEARCH_USER_PATHS = NO;
				ARCHS = "$(ARCHS_STANDARD_32_BIT)";
				CLANG_ENABLE_OBJC_ARC = YES;
				"CODE_SIGN_IDENTITY[sdk=iphoneos*]" = "iPhone Developer";
				COPY_PHASE_STRIP = YES;
				GCC_C_LANGUAGE_STANDARD = gnu99;
				GCC_VERSION = com.apple.compilers.llvm.clang.1_0;
				GCC_WARN_ABOUT_MISSING_PROTOTYPES = YES;
				GCC_WARN_ABOUT_RETURN_TYPE = YES;
				GCC_WARN_UNUSED_VARIABLE = YES;
				HEADER_SEARCH_PATHS = (
					objectiveflickr/LFWebAPIKit,
					objectiveflickr/Source,
				);
				IPHONEOS_DEPLOYMENT_TARGET = 5.0;
				OTHER_CFLAGS = "-DNS_BLOCK_ASSERTIONS=1";
				SDKROOT = iphoneos;
				TARGETED_DEVICE_FAMILY = "1,2";
				VALIDATE_PRODUCT = YES;
			};
			name = Release;
		};
		376E15661494C47800A34E7D /* Debug */ = {
			isa = XCBuildConfiguration;
			buildSettings = {
				GCC_PRECOMPILE_PREFIX_HEADER = YES;
				GCC_PREFIX_HEADER = "tottepost/tottepost-Prefix.pch";
				INFOPLIST_FILE = "tottepost/tottepost-Info.plist";
				PRODUCT_NAME = "$(TARGET_NAME)";
				WRAPPER_EXTENSION = app;
			};
			name = Debug;
		};
		376E15671494C47800A34E7D /* Release */ = {
			isa = XCBuildConfiguration;
			buildSettings = {
				GCC_PRECOMPILE_PREFIX_HEADER = YES;
				GCC_PREFIX_HEADER = "tottepost/tottepost-Prefix.pch";
				INFOPLIST_FILE = "tottepost/tottepost-Info.plist";
				PRODUCT_NAME = "$(TARGET_NAME)";
				WRAPPER_EXTENSION = app;
			};
			name = Release;
		};
		376E15691494C47800A34E7D /* Debug */ = {
			isa = XCBuildConfiguration;
			buildSettings = {
				BUNDLE_LOADER = "$(BUILT_PRODUCTS_DIR)/tottepost.app/tottepost";
				FRAMEWORK_SEARCH_PATHS = (
					"$(SDKROOT)/Developer/Library/Frameworks",
					"$(DEVELOPER_LIBRARY_DIR)/Frameworks",
				);
				GCC_PRECOMPILE_PREFIX_HEADER = YES;
				GCC_PREFIX_HEADER = "tottepost/tottepost-Prefix.pch";
				INFOPLIST_FILE = "tottepostTests/tottepostTests-Info.plist";
				PRODUCT_NAME = "$(TARGET_NAME)";
				TEST_HOST = "$(BUNDLE_LOADER)";
				WRAPPER_EXTENSION = octest;
			};
			name = Debug;
		};
		376E156A1494C47800A34E7D /* Release */ = {
			isa = XCBuildConfiguration;
			buildSettings = {
				BUNDLE_LOADER = "$(BUILT_PRODUCTS_DIR)/tottepost.app/tottepost";
				FRAMEWORK_SEARCH_PATHS = (
					"$(SDKROOT)/Developer/Library/Frameworks",
					"$(DEVELOPER_LIBRARY_DIR)/Frameworks",
				);
				GCC_PRECOMPILE_PREFIX_HEADER = YES;
				GCC_PREFIX_HEADER = "tottepost/tottepost-Prefix.pch";
				INFOPLIST_FILE = "tottepostTests/tottepostTests-Info.plist";
				PRODUCT_NAME = "$(TARGET_NAME)";
				TEST_HOST = "$(BUNDLE_LOADER)";
				WRAPPER_EXTENSION = octest;
			};
			name = Release;
		};
/* End XCBuildConfiguration section */

/* Begin XCConfigurationList section */
		376E15321494C47800A34E7D /* Build configuration list for PBXProject "tottepost" */ = {
			isa = XCConfigurationList;
			buildConfigurations = (
				376E15631494C47800A34E7D /* Debug */,
				376E15641494C47800A34E7D /* Release */,
			);
			defaultConfigurationIsVisible = 0;
			defaultConfigurationName = Release;
		};
		376E15651494C47800A34E7D /* Build configuration list for PBXNativeTarget "tottepost" */ = {
			isa = XCConfigurationList;
			buildConfigurations = (
				376E15661494C47800A34E7D /* Debug */,
				376E15671494C47800A34E7D /* Release */,
			);
			defaultConfigurationIsVisible = 0;
			defaultConfigurationName = Release;
		};
		376E15681494C47800A34E7D /* Build configuration list for PBXNativeTarget "tottepostTests" */ = {
			isa = XCConfigurationList;
			buildConfigurations = (
				376E15691494C47800A34E7D /* Debug */,
				376E156A1494C47800A34E7D /* Release */,
			);
			defaultConfigurationIsVisible = 0;
			defaultConfigurationName = Release;
		};
/* End XCConfigurationList section */
	};
	rootObject = 376E152F1494C47800A34E7D /* Project object */;
}
